// !$*UTF8*$!
{
	archiveVersion = 1;
	classes = {
	};
	objectVersion = 46;
	objects = {

/* Begin PBXBuildFile section */
		103E891F11C5862B7DAA96C1 /* Pods_CookingManagerStaging.framework in Frameworks */ = {isa = PBXBuildFile; fileRef = B3538B307EB7315943F880BA /* Pods_CookingManagerStaging.framework */; };
		2AE491B4AA5F19A1740B469F /* Pods_CookingManagerAppstore.framework in Frameworks */ = {isa = PBXBuildFile; fileRef = 0AA4C8E6E297E8098014030E /* Pods_CookingManagerAppstore.framework */; };
		57810D314DDD6932EBB24AD7 /* Pods_CookingManagerReal.framework in Frameworks */ = {isa = PBXBuildFile; fileRef = 3D5B13C67AFF2D3612250592 /* Pods_CookingManagerReal.framework */; };
		8990757716351892AF63EA9B /* Pods_CookingManagerDev.framework in Frameworks */ = {isa = PBXBuildFile; fileRef = F857C3C9E3A8E26413FF4D06 /* Pods_CookingManagerDev.framework */; };
		CF0EE4531EDD549E005C42CE /* UITableViewCellBase.swift in Sources */ = {isa = PBXBuildFile; fileRef = CF0EE4521EDD549E005C42CE /* UITableViewCellBase.swift */; };
		CF0F44561EE7A6DA0093FDAC /* LoginViewController.swift in Sources */ = {isa = PBXBuildFile; fileRef = CF0F44551EE7A6DA0093FDAC /* LoginViewController.swift */; };
		CF0F44571EE7A6DA0093FDAC /* LoginViewController.swift in Sources */ = {isa = PBXBuildFile; fileRef = CF0F44551EE7A6DA0093FDAC /* LoginViewController.swift */; };
		CF0F44581EE7A6DA0093FDAC /* LoginViewController.swift in Sources */ = {isa = PBXBuildFile; fileRef = CF0F44551EE7A6DA0093FDAC /* LoginViewController.swift */; };
		CF0F44591EE7A6DA0093FDAC /* LoginViewController.swift in Sources */ = {isa = PBXBuildFile; fileRef = CF0F44551EE7A6DA0093FDAC /* LoginViewController.swift */; };
		CF0F44611EE7A7B40093FDAC /* TextFieldInputCellTableViewCell.swift in Sources */ = {isa = PBXBuildFile; fileRef = CF0F445F1EE7A7B40093FDAC /* TextFieldInputCellTableViewCell.swift */; };
		CF0F44621EE7A7B40093FDAC /* TextFieldInputCellTableViewCell.swift in Sources */ = {isa = PBXBuildFile; fileRef = CF0F445F1EE7A7B40093FDAC /* TextFieldInputCellTableViewCell.swift */; };
		CF0F44631EE7A7B40093FDAC /* TextFieldInputCellTableViewCell.swift in Sources */ = {isa = PBXBuildFile; fileRef = CF0F445F1EE7A7B40093FDAC /* TextFieldInputCellTableViewCell.swift */; };
		CF0F44641EE7A7B40093FDAC /* TextFieldInputCellTableViewCell.swift in Sources */ = {isa = PBXBuildFile; fileRef = CF0F445F1EE7A7B40093FDAC /* TextFieldInputCellTableViewCell.swift */; };
		CF0F44651EE7A7B40093FDAC /* TextFieldInputCellTableViewCell.xib in Resources */ = {isa = PBXBuildFile; fileRef = CF0F44601EE7A7B40093FDAC /* TextFieldInputCellTableViewCell.xib */; };
		CF0F44661EE7A7B40093FDAC /* TextFieldInputCellTableViewCell.xib in Resources */ = {isa = PBXBuildFile; fileRef = CF0F44601EE7A7B40093FDAC /* TextFieldInputCellTableViewCell.xib */; };
		CF0F44671EE7A7B40093FDAC /* TextFieldInputCellTableViewCell.xib in Resources */ = {isa = PBXBuildFile; fileRef = CF0F44601EE7A7B40093FDAC /* TextFieldInputCellTableViewCell.xib */; };
		CF0F44681EE7A7B40093FDAC /* TextFieldInputCellTableViewCell.xib in Resources */ = {isa = PBXBuildFile; fileRef = CF0F44601EE7A7B40093FDAC /* TextFieldInputCellTableViewCell.xib */; };
		CF0F446A1EE7A84A0093FDAC /* UILabelBase.swift in Sources */ = {isa = PBXBuildFile; fileRef = CF0F44691EE7A84A0093FDAC /* UILabelBase.swift */; };
		CF0F446B1EE7A84A0093FDAC /* UILabelBase.swift in Sources */ = {isa = PBXBuildFile; fileRef = CF0F44691EE7A84A0093FDAC /* UILabelBase.swift */; };
		CF0F446C1EE7A84A0093FDAC /* UILabelBase.swift in Sources */ = {isa = PBXBuildFile; fileRef = CF0F44691EE7A84A0093FDAC /* UILabelBase.swift */; };
		CF0F446D1EE7A84A0093FDAC /* UILabelBase.swift in Sources */ = {isa = PBXBuildFile; fileRef = CF0F44691EE7A84A0093FDAC /* UILabelBase.swift */; };
		CF0F446F1EE7A8830093FDAC /* UIFlexibleFontSizeLable.swift in Sources */ = {isa = PBXBuildFile; fileRef = CF0F446E1EE7A8830093FDAC /* UIFlexibleFontSizeLable.swift */; };
		CF0F44701EE7A8830093FDAC /* UIFlexibleFontSizeLable.swift in Sources */ = {isa = PBXBuildFile; fileRef = CF0F446E1EE7A8830093FDAC /* UIFlexibleFontSizeLable.swift */; };
		CF0F44711EE7A8830093FDAC /* UIFlexibleFontSizeLable.swift in Sources */ = {isa = PBXBuildFile; fileRef = CF0F446E1EE7A8830093FDAC /* UIFlexibleFontSizeLable.swift */; };
		CF0F44721EE7A8830093FDAC /* UIFlexibleFontSizeLable.swift in Sources */ = {isa = PBXBuildFile; fileRef = CF0F446E1EE7A8830093FDAC /* UIFlexibleFontSizeLable.swift */; };
		CF0F44741EE7B0FE0093FDAC /* ColorExtension.swift in Sources */ = {isa = PBXBuildFile; fileRef = CF0F44731EE7B0FE0093FDAC /* ColorExtension.swift */; };
		CF0F44751EE7B0FE0093FDAC /* ColorExtension.swift in Sources */ = {isa = PBXBuildFile; fileRef = CF0F44731EE7B0FE0093FDAC /* ColorExtension.swift */; };
		CF0F44761EE7B0FE0093FDAC /* ColorExtension.swift in Sources */ = {isa = PBXBuildFile; fileRef = CF0F44731EE7B0FE0093FDAC /* ColorExtension.swift */; };
		CF0F44771EE7B0FE0093FDAC /* ColorExtension.swift in Sources */ = {isa = PBXBuildFile; fileRef = CF0F44731EE7B0FE0093FDAC /* ColorExtension.swift */; };
		CF0F447A1EE7C8740093FDAC /* APIGeoPointRequestEntity.swift in Sources */ = {isa = PBXBuildFile; fileRef = CF0F44791EE7C8740093FDAC /* APIGeoPointRequestEntity.swift */; };
		CF0F447B1EE7C8740093FDAC /* APIGeoPointRequestEntity.swift in Sources */ = {isa = PBXBuildFile; fileRef = CF0F44791EE7C8740093FDAC /* APIGeoPointRequestEntity.swift */; };
		CF0F447C1EE7C8740093FDAC /* APIGeoPointRequestEntity.swift in Sources */ = {isa = PBXBuildFile; fileRef = CF0F44791EE7C8740093FDAC /* APIGeoPointRequestEntity.swift */; };
		CF0F447D1EE7C8740093FDAC /* APIGeoPointRequestEntity.swift in Sources */ = {isa = PBXBuildFile; fileRef = CF0F44791EE7C8740093FDAC /* APIGeoPointRequestEntity.swift */; };
		CF0F447F1EE7CA0B0093FDAC /* APICredentialRequestEntity.swift in Sources */ = {isa = PBXBuildFile; fileRef = CF0F447E1EE7CA0B0093FDAC /* APICredentialRequestEntity.swift */; };
		CF0F44801EE7CA0B0093FDAC /* APICredentialRequestEntity.swift in Sources */ = {isa = PBXBuildFile; fileRef = CF0F447E1EE7CA0B0093FDAC /* APICredentialRequestEntity.swift */; };
		CF0F44811EE7CA0B0093FDAC /* APICredentialRequestEntity.swift in Sources */ = {isa = PBXBuildFile; fileRef = CF0F447E1EE7CA0B0093FDAC /* APICredentialRequestEntity.swift */; };
		CF0F44821EE7CA0B0093FDAC /* APICredentialRequestEntity.swift in Sources */ = {isa = PBXBuildFile; fileRef = CF0F447E1EE7CA0B0093FDAC /* APICredentialRequestEntity.swift */; };
		CF0F44851EE7CAFC0093FDAC /* APICredentialResponseEntity.swift in Sources */ = {isa = PBXBuildFile; fileRef = CF0F44841EE7CAFC0093FDAC /* APICredentialResponseEntity.swift */; };
		CF0F44861EE7CAFC0093FDAC /* APICredentialResponseEntity.swift in Sources */ = {isa = PBXBuildFile; fileRef = CF0F44841EE7CAFC0093FDAC /* APICredentialResponseEntity.swift */; };
		CF0F44871EE7CAFC0093FDAC /* APICredentialResponseEntity.swift in Sources */ = {isa = PBXBuildFile; fileRef = CF0F44841EE7CAFC0093FDAC /* APICredentialResponseEntity.swift */; };
		CF0F44881EE7CAFC0093FDAC /* APICredentialResponseEntity.swift in Sources */ = {isa = PBXBuildFile; fileRef = CF0F44841EE7CAFC0093FDAC /* APICredentialResponseEntity.swift */; };
		CF0F448A1EE7F50D0093FDAC /* APICheckVersionRequestEntity.swift in Sources */ = {isa = PBXBuildFile; fileRef = CF0F44891EE7F50D0093FDAC /* APICheckVersionRequestEntity.swift */; };
		CF0F448B1EE7F50D0093FDAC /* APICheckVersionRequestEntity.swift in Sources */ = {isa = PBXBuildFile; fileRef = CF0F44891EE7F50D0093FDAC /* APICheckVersionRequestEntity.swift */; };
		CF0F448C1EE7F50D0093FDAC /* APICheckVersionRequestEntity.swift in Sources */ = {isa = PBXBuildFile; fileRef = CF0F44891EE7F50D0093FDAC /* APICheckVersionRequestEntity.swift */; };
		CF0F448D1EE7F50D0093FDAC /* APICheckVersionRequestEntity.swift in Sources */ = {isa = PBXBuildFile; fileRef = CF0F44891EE7F50D0093FDAC /* APICheckVersionRequestEntity.swift */; };
		CF0F448F1EE7F5220093FDAC /* APICheckVersionResponseEntity.swift in Sources */ = {isa = PBXBuildFile; fileRef = CF0F448E1EE7F5220093FDAC /* APICheckVersionResponseEntity.swift */; };
		CF0F44901EE7F5220093FDAC /* APICheckVersionResponseEntity.swift in Sources */ = {isa = PBXBuildFile; fileRef = CF0F448E1EE7F5220093FDAC /* APICheckVersionResponseEntity.swift */; };
		CF0F44911EE7F5220093FDAC /* APICheckVersionResponseEntity.swift in Sources */ = {isa = PBXBuildFile; fileRef = CF0F448E1EE7F5220093FDAC /* APICheckVersionResponseEntity.swift */; };
		CF0F44921EE7F5220093FDAC /* APICheckVersionResponseEntity.swift in Sources */ = {isa = PBXBuildFile; fileRef = CF0F448E1EE7F5220093FDAC /* APICheckVersionResponseEntity.swift */; };
		CF0F44941EE7F5600093FDAC /* VersionModel.swift in Sources */ = {isa = PBXBuildFile; fileRef = CF0F44931EE7F5600093FDAC /* VersionModel.swift */; };
		CF0F44951EE7F5600093FDAC /* VersionModel.swift in Sources */ = {isa = PBXBuildFile; fileRef = CF0F44931EE7F5600093FDAC /* VersionModel.swift */; };
		CF0F44961EE7F5600093FDAC /* VersionModel.swift in Sources */ = {isa = PBXBuildFile; fileRef = CF0F44931EE7F5600093FDAC /* VersionModel.swift */; };
		CF0F44971EE7F5600093FDAC /* VersionModel.swift in Sources */ = {isa = PBXBuildFile; fileRef = CF0F44931EE7F5600093FDAC /* VersionModel.swift */; };
		CF0F44991EE7F9D50093FDAC /* GeoPointModel.swift in Sources */ = {isa = PBXBuildFile; fileRef = CF0F44981EE7F9D50093FDAC /* GeoPointModel.swift */; };
		CF0F449A1EE7F9D50093FDAC /* GeoPointModel.swift in Sources */ = {isa = PBXBuildFile; fileRef = CF0F44981EE7F9D50093FDAC /* GeoPointModel.swift */; };
		CF0F449B1EE7F9D50093FDAC /* GeoPointModel.swift in Sources */ = {isa = PBXBuildFile; fileRef = CF0F44981EE7F9D50093FDAC /* GeoPointModel.swift */; };
		CF0F449C1EE7F9D50093FDAC /* GeoPointModel.swift in Sources */ = {isa = PBXBuildFile; fileRef = CF0F44981EE7F9D50093FDAC /* GeoPointModel.swift */; };
		CF0F449E1EE7FAEA0093FDAC /* APIGeoPointResponseEntity.swift in Sources */ = {isa = PBXBuildFile; fileRef = CF0F449D1EE7FAEA0093FDAC /* APIGeoPointResponseEntity.swift */; };
		CF0F449F1EE7FAEA0093FDAC /* APIGeoPointResponseEntity.swift in Sources */ = {isa = PBXBuildFile; fileRef = CF0F449D1EE7FAEA0093FDAC /* APIGeoPointResponseEntity.swift */; };
		CF0F44A01EE7FAEA0093FDAC /* APIGeoPointResponseEntity.swift in Sources */ = {isa = PBXBuildFile; fileRef = CF0F449D1EE7FAEA0093FDAC /* APIGeoPointResponseEntity.swift */; };
		CF0F44A11EE7FAEA0093FDAC /* APIGeoPointResponseEntity.swift in Sources */ = {isa = PBXBuildFile; fileRef = CF0F449D1EE7FAEA0093FDAC /* APIGeoPointResponseEntity.swift */; };
		CF0F44A31EE7FC690093FDAC /* SupportFunctions.swift in Sources */ = {isa = PBXBuildFile; fileRef = CF0F44A21EE7FC690093FDAC /* SupportFunctions.swift */; };
		CF0F44A41EE7FC690093FDAC /* SupportFunctions.swift in Sources */ = {isa = PBXBuildFile; fileRef = CF0F44A21EE7FC690093FDAC /* SupportFunctions.swift */; };
		CF0F44A51EE7FC690093FDAC /* SupportFunctions.swift in Sources */ = {isa = PBXBuildFile; fileRef = CF0F44A21EE7FC690093FDAC /* SupportFunctions.swift */; };
		CF0F44A61EE7FC690093FDAC /* SupportFunctions.swift in Sources */ = {isa = PBXBuildFile; fileRef = CF0F44A21EE7FC690093FDAC /* SupportFunctions.swift */; };
		CF56B6931EE1642F00B583D5 /* CheckInputData.swift in Sources */ = {isa = PBXBuildFile; fileRef = CF56B6921EE1642E00B583D5 /* CheckInputData.swift */; };
		CF56B6941EE1642F00B583D5 /* CheckInputData.swift in Sources */ = {isa = PBXBuildFile; fileRef = CF56B6921EE1642E00B583D5 /* CheckInputData.swift */; };
		CF56B6951EE1642F00B583D5 /* CheckInputData.swift in Sources */ = {isa = PBXBuildFile; fileRef = CF56B6921EE1642E00B583D5 /* CheckInputData.swift */; };
		CF56B6961EE1642F00B583D5 /* CheckInputData.swift in Sources */ = {isa = PBXBuildFile; fileRef = CF56B6921EE1642E00B583D5 /* CheckInputData.swift */; };
		CF65B1941EDBC60B00CF0038 /* AppDelegate.swift in Sources */ = {isa = PBXBuildFile; fileRef = CF65B1931EDBC60B00CF0038 /* AppDelegate.swift */; };
		CF65B1961EDBC60B00CF0038 /* HomeViewController.swift in Sources */ = {isa = PBXBuildFile; fileRef = CF65B1951EDBC60B00CF0038 /* HomeViewController.swift */; };
		CF65B1991EDBC60C00CF0038 /* Main.storyboard in Resources */ = {isa = PBXBuildFile; fileRef = CF65B1971EDBC60C00CF0038 /* Main.storyboard */; };
		CF65B19B1EDBC60C00CF0038 /* Assets.xcassets in Resources */ = {isa = PBXBuildFile; fileRef = CF65B19A1EDBC60C00CF0038 /* Assets.xcassets */; };
		CF65B19E1EDBC60C00CF0038 /* LaunchScreen.storyboard in Resources */ = {isa = PBXBuildFile; fileRef = CF65B19C1EDBC60C00CF0038 /* LaunchScreen.storyboard */; };
		CF65B1A61EDBD1E300CF0038 /* Constant.swift in Sources */ = {isa = PBXBuildFile; fileRef = CF65B1A51EDBD1E300CF0038 /* Constant.swift */; };
		CF65B1A81EDBE34E00CF0038 /* DatabaseManager.swift in Sources */ = {isa = PBXBuildFile; fileRef = CF65B1A71EDBE34E00CF0038 /* DatabaseManager.swift */; };
		CF65B1AC1EDBE7C500CF0038 /* Localizable.strings in Resources */ = {isa = PBXBuildFile; fileRef = CF65B1AE1EDBE7C500CF0038 /* Localizable.strings */; };
		CF65B1B01EDBE85600CF0038 /* StringExtension.swift in Sources */ = {isa = PBXBuildFile; fileRef = CF65B1AF1EDBE85600CF0038 /* StringExtension.swift */; };
		CF65B1B61EDBEDBE00CF0038 /* BaseModel.swift in Sources */ = {isa = PBXBuildFile; fileRef = CF65B1B51EDBEDBE00CF0038 /* BaseModel.swift */; };
		CF65B1B81EDBEFC400CF0038 /* FoodModel.swift in Sources */ = {isa = PBXBuildFile; fileRef = CF65B1B71EDBEFC400CF0038 /* FoodModel.swift */; };
		CF65B1BA1EDC15D400CF0038 /* CookingManager.sqlite in Resources */ = {isa = PBXBuildFile; fileRef = CF65B1B91EDC15D400CF0038 /* CookingManager.sqlite */; };
		CF65B1BD1EDC172D00CF0038 /* UINavigationControllerBase.swift in Sources */ = {isa = PBXBuildFile; fileRef = CF65B1BC1EDC172D00CF0038 /* UINavigationControllerBase.swift */; };
		CF65B1BF1EDC19E100CF0038 /* UIViewControllerBase.swift in Sources */ = {isa = PBXBuildFile; fileRef = CF65B1BE1EDC19E100CF0038 /* UIViewControllerBase.swift */; };
		CF65B1C11EDC21B700CF0038 /* UITableViewControllerBase.swift in Sources */ = {isa = PBXBuildFile; fileRef = CF65B1C01EDC21B700CF0038 /* UITableViewControllerBase.swift */; };
		CF65B1C71EDC23DD00CF0038 /* SplashViewController.swift in Sources */ = {isa = PBXBuildFile; fileRef = CF65B1C61EDC23DD00CF0038 /* SplashViewController.swift */; };
		CFC5C1201EDE5D4A00C060BC /* UICollectionViewCellBase.swift in Sources */ = {isa = PBXBuildFile; fileRef = CFCC3BC11EDD4B2E005C5C19 /* UICollectionViewCellBase.swift */; };
		CFC5C1211EDE5D4A00C060BC /* UINavigationControllerBase.swift in Sources */ = {isa = PBXBuildFile; fileRef = CF65B1BC1EDC172D00CF0038 /* UINavigationControllerBase.swift */; };
		CFC5C1221EDE5D4A00C060BC /* DatabaseManager.swift in Sources */ = {isa = PBXBuildFile; fileRef = CF65B1A71EDBE34E00CF0038 /* DatabaseManager.swift */; };
		CFC5C1231EDE5D4A00C060BC /* HomeViewController.swift in Sources */ = {isa = PBXBuildFile; fileRef = CF65B1951EDBC60B00CF0038 /* HomeViewController.swift */; };
		CFC5C1241EDE5D4A00C060BC /* BaseModel.swift in Sources */ = {isa = PBXBuildFile; fileRef = CF65B1B51EDBEDBE00CF0038 /* BaseModel.swift */; };
		CFC5C1251EDE5D4A00C060BC /* StringExtension.swift in Sources */ = {isa = PBXBuildFile; fileRef = CF65B1AF1EDBE85600CF0038 /* StringExtension.swift */; };
		CFC5C1261EDE5D4A00C060BC /* AppDelegate.swift in Sources */ = {isa = PBXBuildFile; fileRef = CF65B1931EDBC60B00CF0038 /* AppDelegate.swift */; };
		CFC5C1271EDE5D4A00C060BC /* UITableViewControllerBase.swift in Sources */ = {isa = PBXBuildFile; fileRef = CF65B1C01EDC21B700CF0038 /* UITableViewControllerBase.swift */; };
		CFC5C1281EDE5D4A00C060BC /* UIViewControllerBase.swift in Sources */ = {isa = PBXBuildFile; fileRef = CF65B1BE1EDC19E100CF0038 /* UIViewControllerBase.swift */; };
		CFC5C1291EDE5D4A00C060BC /* FoodViewCell.swift in Sources */ = {isa = PBXBuildFile; fileRef = CFCC3BBD1EDD4B16005C5C19 /* FoodViewCell.swift */; };
		CFC5C12A1EDE5D4A00C060BC /* Constant.swift in Sources */ = {isa = PBXBuildFile; fileRef = CF65B1A51EDBD1E300CF0038 /* Constant.swift */; };
		CFC5C12B1EDE5D4A00C060BC /* FoodModel.swift in Sources */ = {isa = PBXBuildFile; fileRef = CF65B1B71EDBEFC400CF0038 /* FoodModel.swift */; };
		CFC5C12D1EDE5D4A00C060BC /* UITableViewCellBase.swift in Sources */ = {isa = PBXBuildFile; fileRef = CF0EE4521EDD549E005C42CE /* UITableViewCellBase.swift */; };
		CFC5C12E1EDE5D4A00C060BC /* SplashViewController.swift in Sources */ = {isa = PBXBuildFile; fileRef = CF65B1C61EDC23DD00CF0038 /* SplashViewController.swift */; };
		CFC5C1301EDE5D4A00C060BC /* SafariServices.framework in Frameworks */ = {isa = PBXBuildFile; fileRef = CFCC3BBA1EDD3EC0005C5C19 /* SafariServices.framework */; settings = {ATTRIBUTES = (Weak, ); }; };
		CFC5C1331EDE5D4A00C060BC /* LaunchScreen.storyboard in Resources */ = {isa = PBXBuildFile; fileRef = CF65B19C1EDBC60C00CF0038 /* LaunchScreen.storyboard */; };
		CFC5C1341EDE5D4A00C060BC /* Localizable.strings in Resources */ = {isa = PBXBuildFile; fileRef = CF65B1AE1EDBE7C500CF0038 /* Localizable.strings */; };
		CFC5C1351EDE5D4A00C060BC /* Assets.xcassets in Resources */ = {isa = PBXBuildFile; fileRef = CF65B19A1EDBC60C00CF0038 /* Assets.xcassets */; };
		CFC5C1361EDE5D4A00C060BC /* CookingManager.sqlite in Resources */ = {isa = PBXBuildFile; fileRef = CF65B1B91EDC15D400CF0038 /* CookingManager.sqlite */; };
		CFC5C1371EDE5D4A00C060BC /* FoodViewCell.xib in Resources */ = {isa = PBXBuildFile; fileRef = CFCC3BBE1EDD4B16005C5C19 /* FoodViewCell.xib */; };
		CFC5C1381EDE5D4A00C060BC /* Main.storyboard in Resources */ = {isa = PBXBuildFile; fileRef = CF65B1971EDBC60C00CF0038 /* Main.storyboard */; };
		CFC5C1431EDE5D6900C060BC /* UICollectionViewCellBase.swift in Sources */ = {isa = PBXBuildFile; fileRef = CFCC3BC11EDD4B2E005C5C19 /* UICollectionViewCellBase.swift */; };
		CFC5C1441EDE5D6900C060BC /* UINavigationControllerBase.swift in Sources */ = {isa = PBXBuildFile; fileRef = CF65B1BC1EDC172D00CF0038 /* UINavigationControllerBase.swift */; };
		CFC5C1451EDE5D6900C060BC /* DatabaseManager.swift in Sources */ = {isa = PBXBuildFile; fileRef = CF65B1A71EDBE34E00CF0038 /* DatabaseManager.swift */; };
		CFC5C1461EDE5D6900C060BC /* HomeViewController.swift in Sources */ = {isa = PBXBuildFile; fileRef = CF65B1951EDBC60B00CF0038 /* HomeViewController.swift */; };
		CFC5C1471EDE5D6900C060BC /* BaseModel.swift in Sources */ = {isa = PBXBuildFile; fileRef = CF65B1B51EDBEDBE00CF0038 /* BaseModel.swift */; };
		CFC5C1481EDE5D6900C060BC /* StringExtension.swift in Sources */ = {isa = PBXBuildFile; fileRef = CF65B1AF1EDBE85600CF0038 /* StringExtension.swift */; };
		CFC5C1491EDE5D6900C060BC /* AppDelegate.swift in Sources */ = {isa = PBXBuildFile; fileRef = CF65B1931EDBC60B00CF0038 /* AppDelegate.swift */; };
		CFC5C14A1EDE5D6900C060BC /* UITableViewControllerBase.swift in Sources */ = {isa = PBXBuildFile; fileRef = CF65B1C01EDC21B700CF0038 /* UITableViewControllerBase.swift */; };
		CFC5C14B1EDE5D6900C060BC /* UIViewControllerBase.swift in Sources */ = {isa = PBXBuildFile; fileRef = CF65B1BE1EDC19E100CF0038 /* UIViewControllerBase.swift */; };
		CFC5C14C1EDE5D6900C060BC /* FoodViewCell.swift in Sources */ = {isa = PBXBuildFile; fileRef = CFCC3BBD1EDD4B16005C5C19 /* FoodViewCell.swift */; };
		CFC5C14D1EDE5D6900C060BC /* Constant.swift in Sources */ = {isa = PBXBuildFile; fileRef = CF65B1A51EDBD1E300CF0038 /* Constant.swift */; };
		CFC5C14E1EDE5D6900C060BC /* FoodModel.swift in Sources */ = {isa = PBXBuildFile; fileRef = CF65B1B71EDBEFC400CF0038 /* FoodModel.swift */; };
		CFC5C1501EDE5D6900C060BC /* UITableViewCellBase.swift in Sources */ = {isa = PBXBuildFile; fileRef = CF0EE4521EDD549E005C42CE /* UITableViewCellBase.swift */; };
		CFC5C1511EDE5D6900C060BC /* SplashViewController.swift in Sources */ = {isa = PBXBuildFile; fileRef = CF65B1C61EDC23DD00CF0038 /* SplashViewController.swift */; };
		CFC5C1531EDE5D6900C060BC /* SafariServices.framework in Frameworks */ = {isa = PBXBuildFile; fileRef = CFCC3BBA1EDD3EC0005C5C19 /* SafariServices.framework */; settings = {ATTRIBUTES = (Weak, ); }; };
		CFC5C1561EDE5D6900C060BC /* LaunchScreen.storyboard in Resources */ = {isa = PBXBuildFile; fileRef = CF65B19C1EDBC60C00CF0038 /* LaunchScreen.storyboard */; };
		CFC5C1571EDE5D6900C060BC /* Localizable.strings in Resources */ = {isa = PBXBuildFile; fileRef = CF65B1AE1EDBE7C500CF0038 /* Localizable.strings */; };
		CFC5C1581EDE5D6900C060BC /* Assets.xcassets in Resources */ = {isa = PBXBuildFile; fileRef = CF65B19A1EDBC60C00CF0038 /* Assets.xcassets */; };
		CFC5C1591EDE5D6900C060BC /* CookingManager.sqlite in Resources */ = {isa = PBXBuildFile; fileRef = CF65B1B91EDC15D400CF0038 /* CookingManager.sqlite */; };
		CFC5C15A1EDE5D6900C060BC /* FoodViewCell.xib in Resources */ = {isa = PBXBuildFile; fileRef = CFCC3BBE1EDD4B16005C5C19 /* FoodViewCell.xib */; };
		CFC5C15B1EDE5D6900C060BC /* Main.storyboard in Resources */ = {isa = PBXBuildFile; fileRef = CF65B1971EDBC60C00CF0038 /* Main.storyboard */; };
		CFC5C1661EDE5D7800C060BC /* UICollectionViewCellBase.swift in Sources */ = {isa = PBXBuildFile; fileRef = CFCC3BC11EDD4B2E005C5C19 /* UICollectionViewCellBase.swift */; };
		CFC5C1671EDE5D7800C060BC /* UINavigationControllerBase.swift in Sources */ = {isa = PBXBuildFile; fileRef = CF65B1BC1EDC172D00CF0038 /* UINavigationControllerBase.swift */; };
		CFC5C1681EDE5D7800C060BC /* DatabaseManager.swift in Sources */ = {isa = PBXBuildFile; fileRef = CF65B1A71EDBE34E00CF0038 /* DatabaseManager.swift */; };
		CFC5C1691EDE5D7800C060BC /* HomeViewController.swift in Sources */ = {isa = PBXBuildFile; fileRef = CF65B1951EDBC60B00CF0038 /* HomeViewController.swift */; };
		CFC5C16A1EDE5D7800C060BC /* BaseModel.swift in Sources */ = {isa = PBXBuildFile; fileRef = CF65B1B51EDBEDBE00CF0038 /* BaseModel.swift */; };
		CFC5C16B1EDE5D7800C060BC /* StringExtension.swift in Sources */ = {isa = PBXBuildFile; fileRef = CF65B1AF1EDBE85600CF0038 /* StringExtension.swift */; };
		CFC5C16C1EDE5D7800C060BC /* AppDelegate.swift in Sources */ = {isa = PBXBuildFile; fileRef = CF65B1931EDBC60B00CF0038 /* AppDelegate.swift */; };
		CFC5C16D1EDE5D7800C060BC /* UITableViewControllerBase.swift in Sources */ = {isa = PBXBuildFile; fileRef = CF65B1C01EDC21B700CF0038 /* UITableViewControllerBase.swift */; };
		CFC5C16E1EDE5D7800C060BC /* UIViewControllerBase.swift in Sources */ = {isa = PBXBuildFile; fileRef = CF65B1BE1EDC19E100CF0038 /* UIViewControllerBase.swift */; };
		CFC5C16F1EDE5D7800C060BC /* FoodViewCell.swift in Sources */ = {isa = PBXBuildFile; fileRef = CFCC3BBD1EDD4B16005C5C19 /* FoodViewCell.swift */; };
		CFC5C1701EDE5D7800C060BC /* Constant.swift in Sources */ = {isa = PBXBuildFile; fileRef = CF65B1A51EDBD1E300CF0038 /* Constant.swift */; };
		CFC5C1711EDE5D7800C060BC /* FoodModel.swift in Sources */ = {isa = PBXBuildFile; fileRef = CF65B1B71EDBEFC400CF0038 /* FoodModel.swift */; };
		CFC5C1731EDE5D7800C060BC /* UITableViewCellBase.swift in Sources */ = {isa = PBXBuildFile; fileRef = CF0EE4521EDD549E005C42CE /* UITableViewCellBase.swift */; };
		CFC5C1741EDE5D7800C060BC /* SplashViewController.swift in Sources */ = {isa = PBXBuildFile; fileRef = CF65B1C61EDC23DD00CF0038 /* SplashViewController.swift */; };
		CFC5C1761EDE5D7800C060BC /* SafariServices.framework in Frameworks */ = {isa = PBXBuildFile; fileRef = CFCC3BBA1EDD3EC0005C5C19 /* SafariServices.framework */; settings = {ATTRIBUTES = (Weak, ); }; };
		CFC5C1791EDE5D7800C060BC /* LaunchScreen.storyboard in Resources */ = {isa = PBXBuildFile; fileRef = CF65B19C1EDBC60C00CF0038 /* LaunchScreen.storyboard */; };
		CFC5C17A1EDE5D7800C060BC /* Localizable.strings in Resources */ = {isa = PBXBuildFile; fileRef = CF65B1AE1EDBE7C500CF0038 /* Localizable.strings */; };
		CFC5C17B1EDE5D7800C060BC /* Assets.xcassets in Resources */ = {isa = PBXBuildFile; fileRef = CF65B19A1EDBC60C00CF0038 /* Assets.xcassets */; };
		CFC5C17C1EDE5D7800C060BC /* CookingManager.sqlite in Resources */ = {isa = PBXBuildFile; fileRef = CF65B1B91EDC15D400CF0038 /* CookingManager.sqlite */; };
		CFC5C17D1EDE5D7800C060BC /* FoodViewCell.xib in Resources */ = {isa = PBXBuildFile; fileRef = CFCC3BBE1EDD4B16005C5C19 /* FoodViewCell.xib */; };
		CFC5C17E1EDE5D7800C060BC /* Main.storyboard in Resources */ = {isa = PBXBuildFile; fileRef = CF65B1971EDBC60C00CF0038 /* Main.storyboard */; };
		CFC5C1871EDE68D100C060BC /* APIBaseRequestEntity.swift in Sources */ = {isa = PBXBuildFile; fileRef = CFC5C1861EDE68D100C060BC /* APIBaseRequestEntity.swift */; };
		CFC5C1881EDE68D100C060BC /* APIBaseRequestEntity.swift in Sources */ = {isa = PBXBuildFile; fileRef = CFC5C1861EDE68D100C060BC /* APIBaseRequestEntity.swift */; };
		CFC5C1891EDE68D100C060BC /* APIBaseRequestEntity.swift in Sources */ = {isa = PBXBuildFile; fileRef = CFC5C1861EDE68D100C060BC /* APIBaseRequestEntity.swift */; };
		CFC5C18A1EDE68D100C060BC /* APIBaseRequestEntity.swift in Sources */ = {isa = PBXBuildFile; fileRef = CFC5C1861EDE68D100C060BC /* APIBaseRequestEntity.swift */; };
		CFC5C1971EDEC5EE00C060BC /* APIBaseResponseEntity.swift in Sources */ = {isa = PBXBuildFile; fileRef = CFC5C1961EDEC5ED00C060BC /* APIBaseResponseEntity.swift */; };
		CFC5C1981EDEC5EE00C060BC /* APIBaseResponseEntity.swift in Sources */ = {isa = PBXBuildFile; fileRef = CFC5C1961EDEC5ED00C060BC /* APIBaseResponseEntity.swift */; };
		CFC5C1991EDEC5EE00C060BC /* APIBaseResponseEntity.swift in Sources */ = {isa = PBXBuildFile; fileRef = CFC5C1961EDEC5ED00C060BC /* APIBaseResponseEntity.swift */; };
		CFC5C19A1EDEC5EE00C060BC /* APIBaseResponseEntity.swift in Sources */ = {isa = PBXBuildFile; fileRef = CFC5C1961EDEC5ED00C060BC /* APIBaseResponseEntity.swift */; };
		CFCC3BBB1EDD3EC0005C5C19 /* SafariServices.framework in Frameworks */ = {isa = PBXBuildFile; fileRef = CFCC3BBA1EDD3EC0005C5C19 /* SafariServices.framework */; settings = {ATTRIBUTES = (Weak, ); }; };
		CFCC3BBF1EDD4B16005C5C19 /* FoodViewCell.swift in Sources */ = {isa = PBXBuildFile; fileRef = CFCC3BBD1EDD4B16005C5C19 /* FoodViewCell.swift */; };
		CFCC3BC01EDD4B16005C5C19 /* FoodViewCell.xib in Resources */ = {isa = PBXBuildFile; fileRef = CFCC3BBE1EDD4B16005C5C19 /* FoodViewCell.xib */; };
		CFCC3BC21EDD4B2E005C5C19 /* UICollectionViewCellBase.swift in Sources */ = {isa = PBXBuildFile; fileRef = CFCC3BC11EDD4B2E005C5C19 /* UICollectionViewCellBase.swift */; };
		CFE5237E1EF128B800083A3C /* ErrorExtension.swift in Sources */ = {isa = PBXBuildFile; fileRef = CFE5237D1EF128B800083A3C /* ErrorExtension.swift */; };
		CFE5237F1EF128B800083A3C /* ErrorExtension.swift in Sources */ = {isa = PBXBuildFile; fileRef = CFE5237D1EF128B800083A3C /* ErrorExtension.swift */; };
		CFE523801EF128B800083A3C /* ErrorExtension.swift in Sources */ = {isa = PBXBuildFile; fileRef = CFE5237D1EF128B800083A3C /* ErrorExtension.swift */; };
		CFE523811EF128B800083A3C /* ErrorExtension.swift in Sources */ = {isa = PBXBuildFile; fileRef = CFE5237D1EF128B800083A3C /* ErrorExtension.swift */; };
/* End PBXBuildFile section */

/* Begin PBXFileReference section */
		0AA4C8E6E297E8098014030E /* Pods_CookingManagerAppstore.framework */ = {isa = PBXFileReference; explicitFileType = wrapper.framework; includeInIndex = 0; path = Pods_CookingManagerAppstore.framework; sourceTree = BUILT_PRODUCTS_DIR; };
		12BB66971BFFA04C6E40343D /* Pods-CookingManagerStaging.release.xcconfig */ = {isa = PBXFileReference; includeInIndex = 1; lastKnownFileType = text.xcconfig; name = "Pods-CookingManagerStaging.release.xcconfig"; path = "Pods/Target Support Files/Pods-CookingManagerStaging/Pods-CookingManagerStaging.release.xcconfig"; sourceTree = "<group>"; };
		146FB2398A79F009AAD5501A /* Pods_CookingManager.framework */ = {isa = PBXFileReference; explicitFileType = wrapper.framework; includeInIndex = 0; path = Pods_CookingManager.framework; sourceTree = BUILT_PRODUCTS_DIR; };
		2674EFB8D3350395E87A73CE /* Pods-CookingManagerDev.debug.xcconfig */ = {isa = PBXFileReference; includeInIndex = 1; lastKnownFileType = text.xcconfig; name = "Pods-CookingManagerDev.debug.xcconfig"; path = "Pods/Target Support Files/Pods-CookingManagerDev/Pods-CookingManagerDev.debug.xcconfig"; sourceTree = "<group>"; };
		3D5B13C67AFF2D3612250592 /* Pods_CookingManagerReal.framework */ = {isa = PBXFileReference; explicitFileType = wrapper.framework; includeInIndex = 0; path = Pods_CookingManagerReal.framework; sourceTree = BUILT_PRODUCTS_DIR; };
		44C4D267013A0A06FE651CA2 /* Pods-CookingManagerDev.release.xcconfig */ = {isa = PBXFileReference; includeInIndex = 1; lastKnownFileType = text.xcconfig; name = "Pods-CookingManagerDev.release.xcconfig"; path = "Pods/Target Support Files/Pods-CookingManagerDev/Pods-CookingManagerDev.release.xcconfig"; sourceTree = "<group>"; };
		46A0B961F076F8B0B7C2B975 /* Pods-CookingManagerAppstore.debug.xcconfig */ = {isa = PBXFileReference; includeInIndex = 1; lastKnownFileType = text.xcconfig; name = "Pods-CookingManagerAppstore.debug.xcconfig"; path = "Pods/Target Support Files/Pods-CookingManagerAppstore/Pods-CookingManagerAppstore.debug.xcconfig"; sourceTree = "<group>"; };
		A878B72FF847C647E133D430 /* Pods-CookingManagerReal.release.xcconfig */ = {isa = PBXFileReference; includeInIndex = 1; lastKnownFileType = text.xcconfig; name = "Pods-CookingManagerReal.release.xcconfig"; path = "Pods/Target Support Files/Pods-CookingManagerReal/Pods-CookingManagerReal.release.xcconfig"; sourceTree = "<group>"; };
		B3538B307EB7315943F880BA /* Pods_CookingManagerStaging.framework */ = {isa = PBXFileReference; explicitFileType = wrapper.framework; includeInIndex = 0; path = Pods_CookingManagerStaging.framework; sourceTree = BUILT_PRODUCTS_DIR; };
		CF0EE4521EDD549E005C42CE /* UITableViewCellBase.swift */ = {isa = PBXFileReference; fileEncoding = 4; lastKnownFileType = sourcecode.swift; path = UITableViewCellBase.swift; sourceTree = "<group>"; };
		CF0F44551EE7A6DA0093FDAC /* LoginViewController.swift */ = {isa = PBXFileReference; fileEncoding = 4; lastKnownFileType = sourcecode.swift; path = LoginViewController.swift; sourceTree = "<group>"; };
		CF0F445F1EE7A7B40093FDAC /* TextFieldInputCellTableViewCell.swift */ = {isa = PBXFileReference; fileEncoding = 4; lastKnownFileType = sourcecode.swift; path = TextFieldInputCellTableViewCell.swift; sourceTree = "<group>"; };
		CF0F44601EE7A7B40093FDAC /* TextFieldInputCellTableViewCell.xib */ = {isa = PBXFileReference; fileEncoding = 4; lastKnownFileType = file.xib; path = TextFieldInputCellTableViewCell.xib; sourceTree = "<group>"; };
		CF0F44691EE7A84A0093FDAC /* UILabelBase.swift */ = {isa = PBXFileReference; fileEncoding = 4; lastKnownFileType = sourcecode.swift; path = UILabelBase.swift; sourceTree = "<group>"; };
		CF0F446E1EE7A8830093FDAC /* UIFlexibleFontSizeLable.swift */ = {isa = PBXFileReference; fileEncoding = 4; lastKnownFileType = sourcecode.swift; path = UIFlexibleFontSizeLable.swift; sourceTree = "<group>"; };
		CF0F44731EE7B0FE0093FDAC /* ColorExtension.swift */ = {isa = PBXFileReference; fileEncoding = 4; lastKnownFileType = sourcecode.swift; path = ColorExtension.swift; sourceTree = "<group>"; };
		CF0F44791EE7C8740093FDAC /* APIGeoPointRequestEntity.swift */ = {isa = PBXFileReference; fileEncoding = 4; lastKnownFileType = sourcecode.swift; path = APIGeoPointRequestEntity.swift; sourceTree = "<group>"; };
		CF0F447E1EE7CA0B0093FDAC /* APICredentialRequestEntity.swift */ = {isa = PBXFileReference; fileEncoding = 4; lastKnownFileType = sourcecode.swift; path = APICredentialRequestEntity.swift; sourceTree = "<group>"; };
		CF0F44841EE7CAFC0093FDAC /* APICredentialResponseEntity.swift */ = {isa = PBXFileReference; fileEncoding = 4; lastKnownFileType = sourcecode.swift; path = APICredentialResponseEntity.swift; sourceTree = "<group>"; };
		CF0F44891EE7F50D0093FDAC /* APICheckVersionRequestEntity.swift */ = {isa = PBXFileReference; fileEncoding = 4; lastKnownFileType = sourcecode.swift; path = APICheckVersionRequestEntity.swift; sourceTree = "<group>"; };
		CF0F448E1EE7F5220093FDAC /* APICheckVersionResponseEntity.swift */ = {isa = PBXFileReference; fileEncoding = 4; lastKnownFileType = sourcecode.swift; path = APICheckVersionResponseEntity.swift; sourceTree = "<group>"; };
		CF0F44931EE7F5600093FDAC /* VersionModel.swift */ = {isa = PBXFileReference; fileEncoding = 4; lastKnownFileType = sourcecode.swift; path = VersionModel.swift; sourceTree = "<group>"; };
		CF0F44981EE7F9D50093FDAC /* GeoPointModel.swift */ = {isa = PBXFileReference; fileEncoding = 4; lastKnownFileType = sourcecode.swift; path = GeoPointModel.swift; sourceTree = "<group>"; };
		CF0F449D1EE7FAEA0093FDAC /* APIGeoPointResponseEntity.swift */ = {isa = PBXFileReference; fileEncoding = 4; lastKnownFileType = sourcecode.swift; path = APIGeoPointResponseEntity.swift; sourceTree = "<group>"; };
		CF0F44A21EE7FC690093FDAC /* SupportFunctions.swift */ = {isa = PBXFileReference; fileEncoding = 4; lastKnownFileType = sourcecode.swift; path = SupportFunctions.swift; sourceTree = "<group>"; };
		CF56B6921EE1642E00B583D5 /* CheckInputData.swift */ = {isa = PBXFileReference; fileEncoding = 4; lastKnownFileType = sourcecode.swift; path = CheckInputData.swift; sourceTree = "<group>"; };
		CF65B1901EDBC60B00CF0038 /* CookingManagerDev.app */ = {isa = PBXFileReference; explicitFileType = wrapper.application; includeInIndex = 0; path = CookingManagerDev.app; sourceTree = BUILT_PRODUCTS_DIR; };
		CF65B1931EDBC60B00CF0038 /* AppDelegate.swift */ = {isa = PBXFileReference; lastKnownFileType = sourcecode.swift; path = AppDelegate.swift; sourceTree = "<group>"; };
		CF65B1951EDBC60B00CF0038 /* HomeViewController.swift */ = {isa = PBXFileReference; lastKnownFileType = sourcecode.swift; path = HomeViewController.swift; sourceTree = "<group>"; };
		CF65B1981EDBC60C00CF0038 /* Base */ = {isa = PBXFileReference; lastKnownFileType = file.storyboard; name = Base; path = Base.lproj/Main.storyboard; sourceTree = "<group>"; };
		CF65B19A1EDBC60C00CF0038 /* Assets.xcassets */ = {isa = PBXFileReference; lastKnownFileType = folder.assetcatalog; path = Assets.xcassets; sourceTree = "<group>"; };
		CF65B19D1EDBC60C00CF0038 /* Base */ = {isa = PBXFileReference; lastKnownFileType = file.storyboard; name = Base; path = Base.lproj/LaunchScreen.storyboard; sourceTree = "<group>"; };
		CF65B19F1EDBC60C00CF0038 /* Info.plist */ = {isa = PBXFileReference; lastKnownFileType = text.plist.xml; path = Info.plist; sourceTree = "<group>"; };
		CF65B1A51EDBD1E300CF0038 /* Constant.swift */ = {isa = PBXFileReference; fileEncoding = 4; lastKnownFileType = sourcecode.swift; path = Constant.swift; sourceTree = "<group>"; };
		CF65B1A71EDBE34E00CF0038 /* DatabaseManager.swift */ = {isa = PBXFileReference; fileEncoding = 4; lastKnownFileType = sourcecode.swift; path = DatabaseManager.swift; sourceTree = "<group>"; };
		CF65B1A91EDBE4D400CF0038 /* CookingManager-Bridging-Header.h */ = {isa = PBXFileReference; fileEncoding = 4; lastKnownFileType = sourcecode.c.h; path = "CookingManager-Bridging-Header.h"; sourceTree = "<group>"; };
		CF65B1AD1EDBE7C500CF0038 /* Base */ = {isa = PBXFileReference; lastKnownFileType = text.plist.strings; name = Base; path = Base.lproj/Localizable.strings; sourceTree = "<group>"; };
		CF65B1AF1EDBE85600CF0038 /* StringExtension.swift */ = {isa = PBXFileReference; fileEncoding = 4; lastKnownFileType = sourcecode.swift; path = StringExtension.swift; sourceTree = "<group>"; };
		CF65B1B51EDBEDBE00CF0038 /* BaseModel.swift */ = {isa = PBXFileReference; fileEncoding = 4; lastKnownFileType = sourcecode.swift; path = BaseModel.swift; sourceTree = "<group>"; };
		CF65B1B71EDBEFC400CF0038 /* FoodModel.swift */ = {isa = PBXFileReference; fileEncoding = 4; lastKnownFileType = sourcecode.swift; path = FoodModel.swift; sourceTree = "<group>"; };
		CF65B1B91EDC15D400CF0038 /* CookingManager.sqlite */ = {isa = PBXFileReference; fileEncoding = 4; lastKnownFileType = text; path = CookingManager.sqlite; sourceTree = "<group>"; };
		CF65B1BC1EDC172D00CF0038 /* UINavigationControllerBase.swift */ = {isa = PBXFileReference; fileEncoding = 4; lastKnownFileType = sourcecode.swift; path = UINavigationControllerBase.swift; sourceTree = "<group>"; };
		CF65B1BE1EDC19E100CF0038 /* UIViewControllerBase.swift */ = {isa = PBXFileReference; fileEncoding = 4; lastKnownFileType = sourcecode.swift; path = UIViewControllerBase.swift; sourceTree = "<group>"; };
		CF65B1C01EDC21B700CF0038 /* UITableViewControllerBase.swift */ = {isa = PBXFileReference; fileEncoding = 4; lastKnownFileType = sourcecode.swift; path = UITableViewControllerBase.swift; sourceTree = "<group>"; };
		CF65B1C61EDC23DD00CF0038 /* SplashViewController.swift */ = {isa = PBXFileReference; fileEncoding = 4; lastKnownFileType = sourcecode.swift; path = SplashViewController.swift; sourceTree = "<group>"; };
		CFC5C13E1EDE5D4A00C060BC /* CookingManagerStaging.app */ = {isa = PBXFileReference; explicitFileType = wrapper.application; includeInIndex = 0; path = CookingManagerStaging.app; sourceTree = BUILT_PRODUCTS_DIR; };
		CFC5C13F1EDE5D4A00C060BC /* CookingManager copy-Info.plist */ = {isa = PBXFileReference; lastKnownFileType = text.plist.xml; name = "CookingManager copy-Info.plist"; path = "/Users/lucastran/Documents/MyWork/Practice/IOS/CookingManager/CookingManager/CookingManager copy-Info.plist"; sourceTree = "<absolute>"; };
		CFC5C1611EDE5D6900C060BC /* CookingManagerReal.app */ = {isa = PBXFileReference; explicitFileType = wrapper.application; includeInIndex = 0; path = CookingManagerReal.app; sourceTree = BUILT_PRODUCTS_DIR; };
		CFC5C1621EDE5D6900C060BC /* CookingManagerDev copy-Info.plist */ = {isa = PBXFileReference; lastKnownFileType = text.plist.xml; name = "CookingManagerDev copy-Info.plist"; path = "/Users/lucastran/Documents/MyWork/Practice/IOS/CookingManager/CookingManager/CookingManagerDev copy-Info.plist"; sourceTree = "<absolute>"; };
		CFC5C1841EDE5D7800C060BC /* CookingManagerAppstore.app */ = {isa = PBXFileReference; explicitFileType = wrapper.application; includeInIndex = 0; path = CookingManagerAppstore.app; sourceTree = BUILT_PRODUCTS_DIR; };
		CFC5C1851EDE5D7800C060BC /* CookingManagerReal copy-Info.plist */ = {isa = PBXFileReference; lastKnownFileType = text.plist.xml; name = "CookingManagerReal copy-Info.plist"; path = "/Users/lucastran/Documents/MyWork/Practice/IOS/CookingManager/CookingManager/CookingManagerReal copy-Info.plist"; sourceTree = "<absolute>"; };
		CFC5C1861EDE68D100C060BC /* APIBaseRequestEntity.swift */ = {isa = PBXFileReference; fileEncoding = 4; lastKnownFileType = sourcecode.swift; path = APIBaseRequestEntity.swift; sourceTree = "<group>"; };
		CFC5C1961EDEC5ED00C060BC /* APIBaseResponseEntity.swift */ = {isa = PBXFileReference; fileEncoding = 4; lastKnownFileType = sourcecode.swift; path = APIBaseResponseEntity.swift; sourceTree = "<group>"; };
		CFCC3BBA1EDD3EC0005C5C19 /* SafariServices.framework */ = {isa = PBXFileReference; lastKnownFileType = wrapper.framework; name = SafariServices.framework; path = System/Library/Frameworks/SafariServices.framework; sourceTree = SDKROOT; };
		CFCC3BBD1EDD4B16005C5C19 /* FoodViewCell.swift */ = {isa = PBXFileReference; fileEncoding = 4; lastKnownFileType = sourcecode.swift; path = FoodViewCell.swift; sourceTree = "<group>"; };
		CFCC3BBE1EDD4B16005C5C19 /* FoodViewCell.xib */ = {isa = PBXFileReference; fileEncoding = 4; lastKnownFileType = file.xib; path = FoodViewCell.xib; sourceTree = "<group>"; };
		CFCC3BC11EDD4B2E005C5C19 /* UICollectionViewCellBase.swift */ = {isa = PBXFileReference; fileEncoding = 4; lastKnownFileType = sourcecode.swift; path = UICollectionViewCellBase.swift; sourceTree = "<group>"; };
		CFE5237D1EF128B800083A3C /* ErrorExtension.swift */ = {isa = PBXFileReference; fileEncoding = 4; lastKnownFileType = sourcecode.swift; path = ErrorExtension.swift; sourceTree = "<group>"; };
		D6F414FB3EFC1DD27D4F1FE5 /* Pods-CookingManagerAppstore.release.xcconfig */ = {isa = PBXFileReference; includeInIndex = 1; lastKnownFileType = text.xcconfig; name = "Pods-CookingManagerAppstore.release.xcconfig"; path = "Pods/Target Support Files/Pods-CookingManagerAppstore/Pods-CookingManagerAppstore.release.xcconfig"; sourceTree = "<group>"; };
		E805D1DD2025072F3F4B6C82 /* Pods-CookingManagerStaging.debug.xcconfig */ = {isa = PBXFileReference; includeInIndex = 1; lastKnownFileType = text.xcconfig; name = "Pods-CookingManagerStaging.debug.xcconfig"; path = "Pods/Target Support Files/Pods-CookingManagerStaging/Pods-CookingManagerStaging.debug.xcconfig"; sourceTree = "<group>"; };
		EA05C3CF7E07B63F63B29166 /* Pods-CookingManagerReal.debug.xcconfig */ = {isa = PBXFileReference; includeInIndex = 1; lastKnownFileType = text.xcconfig; name = "Pods-CookingManagerReal.debug.xcconfig"; path = "Pods/Target Support Files/Pods-CookingManagerReal/Pods-CookingManagerReal.debug.xcconfig"; sourceTree = "<group>"; };
		F857C3C9E3A8E26413FF4D06 /* Pods_CookingManagerDev.framework */ = {isa = PBXFileReference; explicitFileType = wrapper.framework; includeInIndex = 0; path = Pods_CookingManagerDev.framework; sourceTree = BUILT_PRODUCTS_DIR; };
/* End PBXFileReference section */

/* Begin PBXFrameworksBuildPhase section */
		CF65B18D1EDBC60B00CF0038 /* Frameworks */ = {
			isa = PBXFrameworksBuildPhase;
			buildActionMask = 2147483647;
			files = (
				CFCC3BBB1EDD3EC0005C5C19 /* SafariServices.framework in Frameworks */,
				8990757716351892AF63EA9B /* Pods_CookingManagerDev.framework in Frameworks */,
			);
			runOnlyForDeploymentPostprocessing = 0;
		};
		CFC5C12F1EDE5D4A00C060BC /* Frameworks */ = {
			isa = PBXFrameworksBuildPhase;
			buildActionMask = 2147483647;
			files = (
				CFC5C1301EDE5D4A00C060BC /* SafariServices.framework in Frameworks */,
				103E891F11C5862B7DAA96C1 /* Pods_CookingManagerStaging.framework in Frameworks */,
			);
			runOnlyForDeploymentPostprocessing = 0;
		};
		CFC5C1521EDE5D6900C060BC /* Frameworks */ = {
			isa = PBXFrameworksBuildPhase;
			buildActionMask = 2147483647;
			files = (
				CFC5C1531EDE5D6900C060BC /* SafariServices.framework in Frameworks */,
				57810D314DDD6932EBB24AD7 /* Pods_CookingManagerReal.framework in Frameworks */,
			);
			runOnlyForDeploymentPostprocessing = 0;
		};
		CFC5C1751EDE5D7800C060BC /* Frameworks */ = {
			isa = PBXFrameworksBuildPhase;
			buildActionMask = 2147483647;
			files = (
				CFC5C1761EDE5D7800C060BC /* SafariServices.framework in Frameworks */,
				2AE491B4AA5F19A1740B469F /* Pods_CookingManagerAppstore.framework in Frameworks */,
			);
			runOnlyForDeploymentPostprocessing = 0;
		};
/* End PBXFrameworksBuildPhase section */

/* Begin PBXGroup section */
		47B33EEC9095AE27F77BFD9C /* Frameworks */ = {
			isa = PBXGroup;
			children = (
				CFCC3BBA1EDD3EC0005C5C19 /* SafariServices.framework */,
				146FB2398A79F009AAD5501A /* Pods_CookingManager.framework */,
				0AA4C8E6E297E8098014030E /* Pods_CookingManagerAppstore.framework */,
				F857C3C9E3A8E26413FF4D06 /* Pods_CookingManagerDev.framework */,
				3D5B13C67AFF2D3612250592 /* Pods_CookingManagerReal.framework */,
				B3538B307EB7315943F880BA /* Pods_CookingManagerStaging.framework */,
			);
			name = Frameworks;
			sourceTree = "<group>";
		};
		BEDE9B526CCE3D94A6D17132 /* Pods */ = {
			isa = PBXGroup;
			children = (
				46A0B961F076F8B0B7C2B975 /* Pods-CookingManagerAppstore.debug.xcconfig */,
				D6F414FB3EFC1DD27D4F1FE5 /* Pods-CookingManagerAppstore.release.xcconfig */,
				2674EFB8D3350395E87A73CE /* Pods-CookingManagerDev.debug.xcconfig */,
				44C4D267013A0A06FE651CA2 /* Pods-CookingManagerDev.release.xcconfig */,
				EA05C3CF7E07B63F63B29166 /* Pods-CookingManagerReal.debug.xcconfig */,
				A878B72FF847C647E133D430 /* Pods-CookingManagerReal.release.xcconfig */,
				E805D1DD2025072F3F4B6C82 /* Pods-CookingManagerStaging.debug.xcconfig */,
				12BB66971BFFA04C6E40343D /* Pods-CookingManagerStaging.release.xcconfig */,
			);
			name = Pods;
			sourceTree = "<group>";
		};
		CF0F44781EE7C8040093FDAC /* RequestEntities */ = {
			isa = PBXGroup;
			children = (
				CFC5C1861EDE68D100C060BC /* APIBaseRequestEntity.swift */,
				CF0F44791EE7C8740093FDAC /* APIGeoPointRequestEntity.swift */,
				CF0F447E1EE7CA0B0093FDAC /* APICredentialRequestEntity.swift */,
				CF0F44891EE7F50D0093FDAC /* APICheckVersionRequestEntity.swift */,
			);
			name = RequestEntities;
			sourceTree = "<group>";
		};
		CF0F44831EE7CAC40093FDAC /* ResponseEnities */ = {
			isa = PBXGroup;
			children = (
				CFC5C1961EDEC5ED00C060BC /* APIBaseResponseEntity.swift */,
				CF0F449D1EE7FAEA0093FDAC /* APIGeoPointResponseEntity.swift */,
				CF0F44841EE7CAFC0093FDAC /* APICredentialResponseEntity.swift */,
				CF0F448E1EE7F5220093FDAC /* APICheckVersionResponseEntity.swift */,
			);
			name = ResponseEnities;
			sourceTree = "<group>";
		};
		CF65B1871EDBC60B00CF0038 = {
			isa = PBXGroup;
			children = (
				CF65B1921EDBC60B00CF0038 /* CookingManager */,
				CF65B1911EDBC60B00CF0038 /* Products */,
				BEDE9B526CCE3D94A6D17132 /* Pods */,
				47B33EEC9095AE27F77BFD9C /* Frameworks */,
				CFC5C13F1EDE5D4A00C060BC /* CookingManager copy-Info.plist */,
				CFC5C1621EDE5D6900C060BC /* CookingManagerDev copy-Info.plist */,
				CFC5C1851EDE5D7800C060BC /* CookingManagerReal copy-Info.plist */,
			);
			sourceTree = "<group>";
		};
		CF65B1911EDBC60B00CF0038 /* Products */ = {
			isa = PBXGroup;
			children = (
				CF65B1901EDBC60B00CF0038 /* CookingManagerDev.app */,
				CFC5C13E1EDE5D4A00C060BC /* CookingManagerStaging.app */,
				CFC5C1611EDE5D6900C060BC /* CookingManagerReal.app */,
				CFC5C1841EDE5D7800C060BC /* CookingManagerAppstore.app */,
			);
			name = Products;
			sourceTree = "<group>";
		};
		CF65B1921EDBC60B00CF0038 /* CookingManager */ = {
			isa = PBXGroup;
			children = (
				CFC5C11A1EDE5B5A00C060BC /* Controllers */,
				CFC5C1191EDE59CF00C060BC /* Categories */,
				CFCC3BBC1EDD4AFC005C5C19 /* Cells */,
				CF65B1BB1EDC170E00CF0038 /* Base */,
				CF65B1B41EDBEDAE00CF0038 /* Model */,
				CF0F44781EE7C8040093FDAC /* RequestEntities */,
				CF0F44831EE7CAC40093FDAC /* ResponseEnities */,
				CF65B1A51EDBD1E300CF0038 /* Constant.swift */,
				CF0F44A21EE7FC690093FDAC /* SupportFunctions.swift */,
				CF56B6921EE1642E00B583D5 /* CheckInputData.swift */,
				CF65B1A71EDBE34E00CF0038 /* DatabaseManager.swift */,
				CF65B1B91EDC15D400CF0038 /* CookingManager.sqlite */,
				CF65B1971EDBC60C00CF0038 /* Main.storyboard */,
				CF65B19A1EDBC60C00CF0038 /* Assets.xcassets */,
				CF65B19C1EDBC60C00CF0038 /* LaunchScreen.storyboard */,
				CF65B19F1EDBC60C00CF0038 /* Info.plist */,
				CF65B1A91EDBE4D400CF0038 /* CookingManager-Bridging-Header.h */,
				CF65B1AE1EDBE7C500CF0038 /* Localizable.strings */,
			);
			path = CookingManager;
			sourceTree = "<group>";
		};
		CF65B1B41EDBEDAE00CF0038 /* Model */ = {
			isa = PBXGroup;
			children = (
				CF65B1B51EDBEDBE00CF0038 /* BaseModel.swift */,
				CF65B1B71EDBEFC400CF0038 /* FoodModel.swift */,
				CF0F44931EE7F5600093FDAC /* VersionModel.swift */,
				CF0F44981EE7F9D50093FDAC /* GeoPointModel.swift */,
			);
			name = Model;
			sourceTree = "<group>";
		};
		CF65B1BB1EDC170E00CF0038 /* Base */ = {
			isa = PBXGroup;
			children = (
				CF65B1BC1EDC172D00CF0038 /* UINavigationControllerBase.swift */,
				CF65B1BE1EDC19E100CF0038 /* UIViewControllerBase.swift */,
				CF65B1C01EDC21B700CF0038 /* UITableViewControllerBase.swift */,
				CFCC3BC11EDD4B2E005C5C19 /* UICollectionViewCellBase.swift */,
				CF0EE4521EDD549E005C42CE /* UITableViewCellBase.swift */,
				CF0F44691EE7A84A0093FDAC /* UILabelBase.swift */,
				CF0F446E1EE7A8830093FDAC /* UIFlexibleFontSizeLable.swift */,
			);
			name = Base;
			sourceTree = "<group>";
		};
		CFC5C1191EDE59CF00C060BC /* Categories */ = {
			isa = PBXGroup;
			children = (
				CF65B1AF1EDBE85600CF0038 /* StringExtension.swift */,
				CF0F44731EE7B0FE0093FDAC /* ColorExtension.swift */,
				CFE5237D1EF128B800083A3C /* ErrorExtension.swift */,
			);
			name = Categories;
			sourceTree = "<group>";
		};
		CFC5C11A1EDE5B5A00C060BC /* Controllers */ = {
			isa = PBXGroup;
			children = (
				CF65B1931EDBC60B00CF0038 /* AppDelegate.swift */,
				CF65B1951EDBC60B00CF0038 /* HomeViewController.swift */,
				CF65B1C61EDC23DD00CF0038 /* SplashViewController.swift */,
				CF0F44551EE7A6DA0093FDAC /* LoginViewController.swift */,
			);
			name = Controllers;
			sourceTree = "<group>";
		};
		CFCC3BBC1EDD4AFC005C5C19 /* Cells */ = {
			isa = PBXGroup;
			children = (
				CFCC3BBD1EDD4B16005C5C19 /* FoodViewCell.swift */,
				CFCC3BBE1EDD4B16005C5C19 /* FoodViewCell.xib */,
				CF0F445F1EE7A7B40093FDAC /* TextFieldInputCellTableViewCell.swift */,
				CF0F44601EE7A7B40093FDAC /* TextFieldInputCellTableViewCell.xib */,
			);
			name = Cells;
			sourceTree = "<group>";
		};
/* End PBXGroup section */

/* Begin PBXNativeTarget section */
		CF65B18F1EDBC60B00CF0038 /* CookingManagerDev */ = {
			isa = PBXNativeTarget;
			buildConfigurationList = CF65B1A21EDBC60C00CF0038 /* Build configuration list for PBXNativeTarget "CookingManagerDev" */;
			buildPhases = (
				793BE77FCAF42A592A8AF88A /* [CP] Check Pods Manifest.lock */,
				CF65B18C1EDBC60B00CF0038 /* Sources */,
				CF65B18D1EDBC60B00CF0038 /* Frameworks */,
				CF65B18E1EDBC60B00CF0038 /* Resources */,
				8732F2C2BC4B06DF0258627E /* [CP] Embed Pods Frameworks */,
				A83D90A3A9E26FD371CC08A3 /* [CP] Copy Pods Resources */,
			);
			buildRules = (
			);
			dependencies = (
			);
			name = CookingManagerDev;
			productName = CookingManager;
			productReference = CF65B1901EDBC60B00CF0038 /* CookingManagerDev.app */;
			productType = "com.apple.product-type.application";
		};
		CFC5C11D1EDE5D4A00C060BC /* CookingManagerStaging */ = {
			isa = PBXNativeTarget;
			buildConfigurationList = CFC5C13B1EDE5D4A00C060BC /* Build configuration list for PBXNativeTarget "CookingManagerStaging" */;
			buildPhases = (
				CFC5C11E1EDE5D4A00C060BC /* [CP] Check Pods Manifest.lock */,
				CFC5C11F1EDE5D4A00C060BC /* Sources */,
				CFC5C12F1EDE5D4A00C060BC /* Frameworks */,
				CFC5C1321EDE5D4A00C060BC /* Resources */,
				CFC5C1391EDE5D4A00C060BC /* [CP] Embed Pods Frameworks */,
				CFC5C13A1EDE5D4A00C060BC /* [CP] Copy Pods Resources */,
			);
			buildRules = (
			);
			dependencies = (
			);
			name = CookingManagerStaging;
			productName = CookingManager;
			productReference = CFC5C13E1EDE5D4A00C060BC /* CookingManagerStaging.app */;
			productType = "com.apple.product-type.application";
		};
		CFC5C1401EDE5D6900C060BC /* CookingManagerReal */ = {
			isa = PBXNativeTarget;
			buildConfigurationList = CFC5C15E1EDE5D6900C060BC /* Build configuration list for PBXNativeTarget "CookingManagerReal" */;
			buildPhases = (
				CFC5C1411EDE5D6900C060BC /* [CP] Check Pods Manifest.lock */,
				CFC5C1421EDE5D6900C060BC /* Sources */,
				CFC5C1521EDE5D6900C060BC /* Frameworks */,
				CFC5C1551EDE5D6900C060BC /* Resources */,
				CFC5C15C1EDE5D6900C060BC /* [CP] Embed Pods Frameworks */,
				CFC5C15D1EDE5D6900C060BC /* [CP] Copy Pods Resources */,
			);
			buildRules = (
			);
			dependencies = (
			);
			name = CookingManagerReal;
			productName = CookingManager;
			productReference = CFC5C1611EDE5D6900C060BC /* CookingManagerReal.app */;
			productType = "com.apple.product-type.application";
		};
		CFC5C1631EDE5D7800C060BC /* CookingManagerAppstore */ = {
			isa = PBXNativeTarget;
			buildConfigurationList = CFC5C1811EDE5D7800C060BC /* Build configuration list for PBXNativeTarget "CookingManagerAppstore" */;
			buildPhases = (
				CFC5C1641EDE5D7800C060BC /* [CP] Check Pods Manifest.lock */,
				CFC5C1651EDE5D7800C060BC /* Sources */,
				CFC5C1751EDE5D7800C060BC /* Frameworks */,
				CFC5C1781EDE5D7800C060BC /* Resources */,
				CFC5C17F1EDE5D7800C060BC /* [CP] Embed Pods Frameworks */,
				CFC5C1801EDE5D7800C060BC /* [CP] Copy Pods Resources */,
			);
			buildRules = (
			);
			dependencies = (
			);
			name = CookingManagerAppstore;
			productName = CookingManager;
			productReference = CFC5C1841EDE5D7800C060BC /* CookingManagerAppstore.app */;
			productType = "com.apple.product-type.application";
		};
/* End PBXNativeTarget section */

/* Begin PBXProject section */
		CF65B1881EDBC60B00CF0038 /* Project object */ = {
			isa = PBXProject;
			attributes = {
				LastSwiftUpdateCheck = 0820;
				LastUpgradeCheck = 0820;
				ORGANIZATIONNAME = "Duy Pham Viet";
				TargetAttributes = {
					CF65B18F1EDBC60B00CF0038 = {
						CreatedOnToolsVersion = 8.2.1;
						DevelopmentTeam = MG2552XA6Q;
						ProvisioningStyle = Manual;
						SystemCapabilities = {
							com.apple.BackgroundModes = {
								enabled = 1;
							};
						};
					};
					CFC5C11D1EDE5D4A00C060BC = {
						DevelopmentTeam = MG2552XA6Q;
					};
					CFC5C1401EDE5D6900C060BC = {
						DevelopmentTeam = MG2552XA6Q;
					};
					CFC5C1631EDE5D7800C060BC = {
						DevelopmentTeam = MG2552XA6Q;
					};
				};
			};
			buildConfigurationList = CF65B18B1EDBC60B00CF0038 /* Build configuration list for PBXProject "CookingManager" */;
			compatibilityVersion = "Xcode 3.2";
			developmentRegion = English;
			hasScannedForEncodings = 0;
			knownRegions = (
				en,
				Base,
			);
			mainGroup = CF65B1871EDBC60B00CF0038;
			productRefGroup = CF65B1911EDBC60B00CF0038 /* Products */;
			projectDirPath = "";
			projectRoot = "";
			targets = (
				CF65B18F1EDBC60B00CF0038 /* CookingManagerDev */,
				CFC5C11D1EDE5D4A00C060BC /* CookingManagerStaging */,
				CFC5C1401EDE5D6900C060BC /* CookingManagerReal */,
				CFC5C1631EDE5D7800C060BC /* CookingManagerAppstore */,
			);
		};
/* End PBXProject section */

/* Begin PBXResourcesBuildPhase section */
		CF65B18E1EDBC60B00CF0038 /* Resources */ = {
			isa = PBXResourcesBuildPhase;
			buildActionMask = 2147483647;
			files = (
				CF65B19E1EDBC60C00CF0038 /* LaunchScreen.storyboard in Resources */,
				CF0F44651EE7A7B40093FDAC /* TextFieldInputCellTableViewCell.xib in Resources */,
				CF65B1AC1EDBE7C500CF0038 /* Localizable.strings in Resources */,
				CF65B19B1EDBC60C00CF0038 /* Assets.xcassets in Resources */,
				CF65B1BA1EDC15D400CF0038 /* CookingManager.sqlite in Resources */,
				CFCC3BC01EDD4B16005C5C19 /* FoodViewCell.xib in Resources */,
				CF65B1991EDBC60C00CF0038 /* Main.storyboard in Resources */,
			);
			runOnlyForDeploymentPostprocessing = 0;
		};
		CFC5C1321EDE5D4A00C060BC /* Resources */ = {
			isa = PBXResourcesBuildPhase;
			buildActionMask = 2147483647;
			files = (
				CFC5C1331EDE5D4A00C060BC /* LaunchScreen.storyboard in Resources */,
				CF0F44661EE7A7B40093FDAC /* TextFieldInputCellTableViewCell.xib in Resources */,
				CFC5C1341EDE5D4A00C060BC /* Localizable.strings in Resources */,
				CFC5C1351EDE5D4A00C060BC /* Assets.xcassets in Resources */,
				CFC5C1361EDE5D4A00C060BC /* CookingManager.sqlite in Resources */,
				CFC5C1371EDE5D4A00C060BC /* FoodViewCell.xib in Resources */,
				CFC5C1381EDE5D4A00C060BC /* Main.storyboard in Resources */,
			);
			runOnlyForDeploymentPostprocessing = 0;
		};
		CFC5C1551EDE5D6900C060BC /* Resources */ = {
			isa = PBXResourcesBuildPhase;
			buildActionMask = 2147483647;
			files = (
				CFC5C1561EDE5D6900C060BC /* LaunchScreen.storyboard in Resources */,
				CF0F44671EE7A7B40093FDAC /* TextFieldInputCellTableViewCell.xib in Resources */,
				CFC5C1571EDE5D6900C060BC /* Localizable.strings in Resources */,
				CFC5C1581EDE5D6900C060BC /* Assets.xcassets in Resources */,
				CFC5C1591EDE5D6900C060BC /* CookingManager.sqlite in Resources */,
				CFC5C15A1EDE5D6900C060BC /* FoodViewCell.xib in Resources */,
				CFC5C15B1EDE5D6900C060BC /* Main.storyboard in Resources */,
			);
			runOnlyForDeploymentPostprocessing = 0;
		};
		CFC5C1781EDE5D7800C060BC /* Resources */ = {
			isa = PBXResourcesBuildPhase;
			buildActionMask = 2147483647;
			files = (
				CFC5C1791EDE5D7800C060BC /* LaunchScreen.storyboard in Resources */,
				CF0F44681EE7A7B40093FDAC /* TextFieldInputCellTableViewCell.xib in Resources */,
				CFC5C17A1EDE5D7800C060BC /* Localizable.strings in Resources */,
				CFC5C17B1EDE5D7800C060BC /* Assets.xcassets in Resources */,
				CFC5C17C1EDE5D7800C060BC /* CookingManager.sqlite in Resources */,
				CFC5C17D1EDE5D7800C060BC /* FoodViewCell.xib in Resources */,
				CFC5C17E1EDE5D7800C060BC /* Main.storyboard in Resources */,
			);
			runOnlyForDeploymentPostprocessing = 0;
		};
/* End PBXResourcesBuildPhase section */

/* Begin PBXShellScriptBuildPhase section */
		793BE77FCAF42A592A8AF88A /* [CP] Check Pods Manifest.lock */ = {
			isa = PBXShellScriptBuildPhase;
			buildActionMask = 2147483647;
			files = (
			);
			inputPaths = (
			);
			name = "[CP] Check Pods Manifest.lock";
			outputPaths = (
			);
			runOnlyForDeploymentPostprocessing = 0;
			shellPath = /bin/sh;
			shellScript = "diff \"${PODS_ROOT}/../Podfile.lock\" \"${PODS_ROOT}/Manifest.lock\" > /dev/null\nif [ $? != 0 ] ; then\n    # print error to STDERR\n    echo \"error: The sandbox is not in sync with the Podfile.lock. Run 'pod install' or update your CocoaPods installation.\" >&2\n    exit 1\nfi\n";
			showEnvVarsInLog = 0;
		};
		8732F2C2BC4B06DF0258627E /* [CP] Embed Pods Frameworks */ = {
			isa = PBXShellScriptBuildPhase;
			buildActionMask = 2147483647;
			files = (
			);
			inputPaths = (
			);
			name = "[CP] Embed Pods Frameworks";
			outputPaths = (
			);
			runOnlyForDeploymentPostprocessing = 0;
			shellPath = /bin/sh;
			shellScript = "\"${SRCROOT}/Pods/Target Support Files/Pods-CookingManagerDev/Pods-CookingManagerDev-frameworks.sh\"\n";
			showEnvVarsInLog = 0;
		};
		A83D90A3A9E26FD371CC08A3 /* [CP] Copy Pods Resources */ = {
			isa = PBXShellScriptBuildPhase;
			buildActionMask = 2147483647;
			files = (
			);
			inputPaths = (
			);
			name = "[CP] Copy Pods Resources";
			outputPaths = (
			);
			runOnlyForDeploymentPostprocessing = 0;
			shellPath = /bin/sh;
			shellScript = "\"${SRCROOT}/Pods/Target Support Files/Pods-CookingManagerDev/Pods-CookingManagerDev-resources.sh\"\n";
			showEnvVarsInLog = 0;
		};
		CFC5C11E1EDE5D4A00C060BC /* [CP] Check Pods Manifest.lock */ = {
			isa = PBXShellScriptBuildPhase;
			buildActionMask = 2147483647;
			files = (
			);
			inputPaths = (
			);
			name = "[CP] Check Pods Manifest.lock";
			outputPaths = (
			);
			runOnlyForDeploymentPostprocessing = 0;
			shellPath = /bin/sh;
			shellScript = "diff \"${PODS_ROOT}/../Podfile.lock\" \"${PODS_ROOT}/Manifest.lock\" > /dev/null\nif [ $? != 0 ] ; then\n    # print error to STDERR\n    echo \"error: The sandbox is not in sync with the Podfile.lock. Run 'pod install' or update your CocoaPods installation.\" >&2\n    exit 1\nfi\n";
			showEnvVarsInLog = 0;
		};
		CFC5C1391EDE5D4A00C060BC /* [CP] Embed Pods Frameworks */ = {
			isa = PBXShellScriptBuildPhase;
			buildActionMask = 2147483647;
			files = (
			);
			inputPaths = (
			);
			name = "[CP] Embed Pods Frameworks";
			outputPaths = (
			);
			runOnlyForDeploymentPostprocessing = 0;
			shellPath = /bin/sh;
			shellScript = "\"${SRCROOT}/Pods/Target Support Files/Pods-CookingManagerStaging/Pods-CookingManagerStaging-frameworks.sh\"\n";
			showEnvVarsInLog = 0;
		};
		CFC5C13A1EDE5D4A00C060BC /* [CP] Copy Pods Resources */ = {
			isa = PBXShellScriptBuildPhase;
			buildActionMask = 2147483647;
			files = (
			);
			inputPaths = (
			);
			name = "[CP] Copy Pods Resources";
			outputPaths = (
			);
			runOnlyForDeploymentPostprocessing = 0;
			shellPath = /bin/sh;
			shellScript = "\"${SRCROOT}/Pods/Target Support Files/Pods-CookingManagerStaging/Pods-CookingManagerStaging-resources.sh\"\n";
			showEnvVarsInLog = 0;
		};
		CFC5C1411EDE5D6900C060BC /* [CP] Check Pods Manifest.lock */ = {
			isa = PBXShellScriptBuildPhase;
			buildActionMask = 2147483647;
			files = (
			);
			inputPaths = (
			);
			name = "[CP] Check Pods Manifest.lock";
			outputPaths = (
			);
			runOnlyForDeploymentPostprocessing = 0;
			shellPath = /bin/sh;
			shellScript = "diff \"${PODS_ROOT}/../Podfile.lock\" \"${PODS_ROOT}/Manifest.lock\" > /dev/null\nif [ $? != 0 ] ; then\n    # print error to STDERR\n    echo \"error: The sandbox is not in sync with the Podfile.lock. Run 'pod install' or update your CocoaPods installation.\" >&2\n    exit 1\nfi\n";
			showEnvVarsInLog = 0;
		};
		CFC5C15C1EDE5D6900C060BC /* [CP] Embed Pods Frameworks */ = {
			isa = PBXShellScriptBuildPhase;
			buildActionMask = 2147483647;
			files = (
			);
			inputPaths = (
			);
			name = "[CP] Embed Pods Frameworks";
			outputPaths = (
			);
			runOnlyForDeploymentPostprocessing = 0;
			shellPath = /bin/sh;
			shellScript = "\"${SRCROOT}/Pods/Target Support Files/Pods-CookingManagerReal/Pods-CookingManagerReal-frameworks.sh\"\n";
			showEnvVarsInLog = 0;
		};
		CFC5C15D1EDE5D6900C060BC /* [CP] Copy Pods Resources */ = {
			isa = PBXShellScriptBuildPhase;
			buildActionMask = 2147483647;
			files = (
			);
			inputPaths = (
			);
			name = "[CP] Copy Pods Resources";
			outputPaths = (
			);
			runOnlyForDeploymentPostprocessing = 0;
			shellPath = /bin/sh;
			shellScript = "\"${SRCROOT}/Pods/Target Support Files/Pods-CookingManagerReal/Pods-CookingManagerReal-resources.sh\"\n";
			showEnvVarsInLog = 0;
		};
		CFC5C1641EDE5D7800C060BC /* [CP] Check Pods Manifest.lock */ = {
			isa = PBXShellScriptBuildPhase;
			buildActionMask = 2147483647;
			files = (
			);
			inputPaths = (
			);
			name = "[CP] Check Pods Manifest.lock";
			outputPaths = (
			);
			runOnlyForDeploymentPostprocessing = 0;
			shellPath = /bin/sh;
			shellScript = "diff \"${PODS_ROOT}/../Podfile.lock\" \"${PODS_ROOT}/Manifest.lock\" > /dev/null\nif [ $? != 0 ] ; then\n    # print error to STDERR\n    echo \"error: The sandbox is not in sync with the Podfile.lock. Run 'pod install' or update your CocoaPods installation.\" >&2\n    exit 1\nfi\n";
			showEnvVarsInLog = 0;
		};
		CFC5C17F1EDE5D7800C060BC /* [CP] Embed Pods Frameworks */ = {
			isa = PBXShellScriptBuildPhase;
			buildActionMask = 2147483647;
			files = (
			);
			inputPaths = (
			);
			name = "[CP] Embed Pods Frameworks";
			outputPaths = (
			);
			runOnlyForDeploymentPostprocessing = 0;
			shellPath = /bin/sh;
			shellScript = "\"${SRCROOT}/Pods/Target Support Files/Pods-CookingManagerAppstore/Pods-CookingManagerAppstore-frameworks.sh\"\n";
			showEnvVarsInLog = 0;
		};
		CFC5C1801EDE5D7800C060BC /* [CP] Copy Pods Resources */ = {
			isa = PBXShellScriptBuildPhase;
			buildActionMask = 2147483647;
			files = (
			);
			inputPaths = (
			);
			name = "[CP] Copy Pods Resources";
			outputPaths = (
			);
			runOnlyForDeploymentPostprocessing = 0;
			shellPath = /bin/sh;
			shellScript = "\"${SRCROOT}/Pods/Target Support Files/Pods-CookingManagerAppstore/Pods-CookingManagerAppstore-resources.sh\"\n";
			showEnvVarsInLog = 0;
		};
/* End PBXShellScriptBuildPhase section */

/* Begin PBXSourcesBuildPhase section */
		CF65B18C1EDBC60B00CF0038 /* Sources */ = {
			isa = PBXSourcesBuildPhase;
			buildActionMask = 2147483647;
			files = (
				CFC5C1871EDE68D100C060BC /* APIBaseRequestEntity.swift in Sources */,
				CFC5C1971EDEC5EE00C060BC /* APIBaseResponseEntity.swift in Sources */,
				CF0F44741EE7B0FE0093FDAC /* ColorExtension.swift in Sources */,
				CF0F449E1EE7FAEA0093FDAC /* APIGeoPointResponseEntity.swift in Sources */,
				CFCC3BC21EDD4B2E005C5C19 /* UICollectionViewCellBase.swift in Sources */,
				CF65B1BD1EDC172D00CF0038 /* UINavigationControllerBase.swift in Sources */,
				CF0F44561EE7A6DA0093FDAC /* LoginViewController.swift in Sources */,
				CF0F44A31EE7FC690093FDAC /* SupportFunctions.swift in Sources */,
				CF0F446A1EE7A84A0093FDAC /* UILabelBase.swift in Sources */,
				CF65B1A81EDBE34E00CF0038 /* DatabaseManager.swift in Sources */,
				CF65B1961EDBC60B00CF0038 /* HomeViewController.swift in Sources */,
				CF0F447A1EE7C8740093FDAC /* APIGeoPointRequestEntity.swift in Sources */,
				CF65B1B61EDBEDBE00CF0038 /* BaseModel.swift in Sources */,
				CF56B6931EE1642F00B583D5 /* CheckInputData.swift in Sources */,
				CF0F448F1EE7F5220093FDAC /* APICheckVersionResponseEntity.swift in Sources */,
				CF65B1B01EDBE85600CF0038 /* StringExtension.swift in Sources */,
				CF0F44991EE7F9D50093FDAC /* GeoPointModel.swift in Sources */,
				CF0F44851EE7CAFC0093FDAC /* APICredentialResponseEntity.swift in Sources */,
				CF65B1941EDBC60B00CF0038 /* AppDelegate.swift in Sources */,
				CF65B1C11EDC21B700CF0038 /* UITableViewControllerBase.swift in Sources */,
				CF0F44611EE7A7B40093FDAC /* TextFieldInputCellTableViewCell.swift in Sources */,
				CF0F44941EE7F5600093FDAC /* VersionModel.swift in Sources */,
				CFE5237E1EF128B800083A3C /* ErrorExtension.swift in Sources */,
				CF65B1BF1EDC19E100CF0038 /* UIViewControllerBase.swift in Sources */,
				CFCC3BBF1EDD4B16005C5C19 /* FoodViewCell.swift in Sources */,
				CF65B1A61EDBD1E300CF0038 /* Constant.swift in Sources */,
				CF0F447F1EE7CA0B0093FDAC /* APICredentialRequestEntity.swift in Sources */,
				CF65B1B81EDBEFC400CF0038 /* FoodModel.swift in Sources */,
				CF0F446F1EE7A8830093FDAC /* UIFlexibleFontSizeLable.swift in Sources */,
				CF0EE4531EDD549E005C42CE /* UITableViewCellBase.swift in Sources */,
				CF65B1C71EDC23DD00CF0038 /* SplashViewController.swift in Sources */,
				CF0F448A1EE7F50D0093FDAC /* APICheckVersionRequestEntity.swift in Sources */,
			);
			runOnlyForDeploymentPostprocessing = 0;
		};
		CFC5C11F1EDE5D4A00C060BC /* Sources */ = {
			isa = PBXSourcesBuildPhase;
			buildActionMask = 2147483647;
			files = (
				CFC5C1881EDE68D100C060BC /* APIBaseRequestEntity.swift in Sources */,
				CFC5C1981EDEC5EE00C060BC /* APIBaseResponseEntity.swift in Sources */,
				CF0F44751EE7B0FE0093FDAC /* ColorExtension.swift in Sources */,
				CF0F449F1EE7FAEA0093FDAC /* APIGeoPointResponseEntity.swift in Sources */,
				CFC5C1201EDE5D4A00C060BC /* UICollectionViewCellBase.swift in Sources */,
				CFC5C1211EDE5D4A00C060BC /* UINavigationControllerBase.swift in Sources */,
				CF0F44571EE7A6DA0093FDAC /* LoginViewController.swift in Sources */,
				CF0F44A41EE7FC690093FDAC /* SupportFunctions.swift in Sources */,
				CF0F446B1EE7A84A0093FDAC /* UILabelBase.swift in Sources */,
				CFC5C1221EDE5D4A00C060BC /* DatabaseManager.swift in Sources */,
				CFC5C1231EDE5D4A00C060BC /* HomeViewController.swift in Sources */,
				CF0F447B1EE7C8740093FDAC /* APIGeoPointRequestEntity.swift in Sources */,
				CFC5C1241EDE5D4A00C060BC /* BaseModel.swift in Sources */,
				CF56B6941EE1642F00B583D5 /* CheckInputData.swift in Sources */,
				CF0F44901EE7F5220093FDAC /* APICheckVersionResponseEntity.swift in Sources */,
				CFC5C1251EDE5D4A00C060BC /* StringExtension.swift in Sources */,
				CF0F449A1EE7F9D50093FDAC /* GeoPointModel.swift in Sources */,
				CF0F44861EE7CAFC0093FDAC /* APICredentialResponseEntity.swift in Sources */,
				CFC5C1261EDE5D4A00C060BC /* AppDelegate.swift in Sources */,
				CFC5C1271EDE5D4A00C060BC /* UITableViewControllerBase.swift in Sources */,
				CF0F44621EE7A7B40093FDAC /* TextFieldInputCellTableViewCell.swift in Sources */,
				CF0F44951EE7F5600093FDAC /* VersionModel.swift in Sources */,
				CFE5237F1EF128B800083A3C /* ErrorExtension.swift in Sources */,
				CFC5C1281EDE5D4A00C060BC /* UIViewControllerBase.swift in Sources */,
				CFC5C1291EDE5D4A00C060BC /* FoodViewCell.swift in Sources */,
				CFC5C12A1EDE5D4A00C060BC /* Constant.swift in Sources */,
				CF0F44801EE7CA0B0093FDAC /* APICredentialRequestEntity.swift in Sources */,
				CFC5C12B1EDE5D4A00C060BC /* FoodModel.swift in Sources */,
				CF0F44701EE7A8830093FDAC /* UIFlexibleFontSizeLable.swift in Sources */,
				CFC5C12D1EDE5D4A00C060BC /* UITableViewCellBase.swift in Sources */,
				CFC5C12E1EDE5D4A00C060BC /* SplashViewController.swift in Sources */,
				CF0F448B1EE7F50D0093FDAC /* APICheckVersionRequestEntity.swift in Sources */,
			);
			runOnlyForDeploymentPostprocessing = 0;
		};
		CFC5C1421EDE5D6900C060BC /* Sources */ = {
			isa = PBXSourcesBuildPhase;
			buildActionMask = 2147483647;
			files = (
				CFC5C1891EDE68D100C060BC /* APIBaseRequestEntity.swift in Sources */,
				CFC5C1991EDEC5EE00C060BC /* APIBaseResponseEntity.swift in Sources */,
				CF0F44761EE7B0FE0093FDAC /* ColorExtension.swift in Sources */,
				CF0F44A01EE7FAEA0093FDAC /* APIGeoPointResponseEntity.swift in Sources */,
				CFC5C1431EDE5D6900C060BC /* UICollectionViewCellBase.swift in Sources */,
				CFC5C1441EDE5D6900C060BC /* UINavigationControllerBase.swift in Sources */,
				CF0F44581EE7A6DA0093FDAC /* LoginViewController.swift in Sources */,
				CF0F44A51EE7FC690093FDAC /* SupportFunctions.swift in Sources */,
				CF0F446C1EE7A84A0093FDAC /* UILabelBase.swift in Sources */,
				CFC5C1451EDE5D6900C060BC /* DatabaseManager.swift in Sources */,
				CFC5C1461EDE5D6900C060BC /* HomeViewController.swift in Sources */,
				CF0F447C1EE7C8740093FDAC /* APIGeoPointRequestEntity.swift in Sources */,
				CFC5C1471EDE5D6900C060BC /* BaseModel.swift in Sources */,
				CF56B6951EE1642F00B583D5 /* CheckInputData.swift in Sources */,
				CF0F44911EE7F5220093FDAC /* APICheckVersionResponseEntity.swift in Sources */,
				CFC5C1481EDE5D6900C060BC /* StringExtension.swift in Sources */,
				CF0F449B1EE7F9D50093FDAC /* GeoPointModel.swift in Sources */,
				CF0F44871EE7CAFC0093FDAC /* APICredentialResponseEntity.swift in Sources */,
				CFC5C1491EDE5D6900C060BC /* AppDelegate.swift in Sources */,
				CFC5C14A1EDE5D6900C060BC /* UITableViewControllerBase.swift in Sources */,
				CF0F44631EE7A7B40093FDAC /* TextFieldInputCellTableViewCell.swift in Sources */,
				CF0F44961EE7F5600093FDAC /* VersionModel.swift in Sources */,
				CFE523801EF128B800083A3C /* ErrorExtension.swift in Sources */,
				CFC5C14B1EDE5D6900C060BC /* UIViewControllerBase.swift in Sources */,
				CFC5C14C1EDE5D6900C060BC /* FoodViewCell.swift in Sources */,
				CFC5C14D1EDE5D6900C060BC /* Constant.swift in Sources */,
				CF0F44811EE7CA0B0093FDAC /* APICredentialRequestEntity.swift in Sources */,
				CFC5C14E1EDE5D6900C060BC /* FoodModel.swift in Sources */,
				CF0F44711EE7A8830093FDAC /* UIFlexibleFontSizeLable.swift in Sources */,
				CFC5C1501EDE5D6900C060BC /* UITableViewCellBase.swift in Sources */,
				CFC5C1511EDE5D6900C060BC /* SplashViewController.swift in Sources */,
				CF0F448C1EE7F50D0093FDAC /* APICheckVersionRequestEntity.swift in Sources */,
			);
			runOnlyForDeploymentPostprocessing = 0;
		};
		CFC5C1651EDE5D7800C060BC /* Sources */ = {
			isa = PBXSourcesBuildPhase;
			buildActionMask = 2147483647;
			files = (
				CFC5C18A1EDE68D100C060BC /* APIBaseRequestEntity.swift in Sources */,
				CFC5C19A1EDEC5EE00C060BC /* APIBaseResponseEntity.swift in Sources */,
				CF0F44771EE7B0FE0093FDAC /* ColorExtension.swift in Sources */,
				CF0F44A11EE7FAEA0093FDAC /* APIGeoPointResponseEntity.swift in Sources */,
				CFC5C1661EDE5D7800C060BC /* UICollectionViewCellBase.swift in Sources */,
				CFC5C1671EDE5D7800C060BC /* UINavigationControllerBase.swift in Sources */,
				CF0F44591EE7A6DA0093FDAC /* LoginViewController.swift in Sources */,
				CF0F44A61EE7FC690093FDAC /* SupportFunctions.swift in Sources */,
				CF0F446D1EE7A84A0093FDAC /* UILabelBase.swift in Sources */,
				CFC5C1681EDE5D7800C060BC /* DatabaseManager.swift in Sources */,
				CFC5C1691EDE5D7800C060BC /* HomeViewController.swift in Sources */,
				CF0F447D1EE7C8740093FDAC /* APIGeoPointRequestEntity.swift in Sources */,
				CFC5C16A1EDE5D7800C060BC /* BaseModel.swift in Sources */,
				CF56B6961EE1642F00B583D5 /* CheckInputData.swift in Sources */,
				CF0F44921EE7F5220093FDAC /* APICheckVersionResponseEntity.swift in Sources */,
				CFC5C16B1EDE5D7800C060BC /* StringExtension.swift in Sources */,
				CF0F449C1EE7F9D50093FDAC /* GeoPointModel.swift in Sources */,
				CF0F44881EE7CAFC0093FDAC /* APICredentialResponseEntity.swift in Sources */,
				CFC5C16C1EDE5D7800C060BC /* AppDelegate.swift in Sources */,
				CFC5C16D1EDE5D7800C060BC /* UITableViewControllerBase.swift in Sources */,
				CF0F44641EE7A7B40093FDAC /* TextFieldInputCellTableViewCell.swift in Sources */,
				CF0F44971EE7F5600093FDAC /* VersionModel.swift in Sources */,
				CFE523811EF128B800083A3C /* ErrorExtension.swift in Sources */,
				CFC5C16E1EDE5D7800C060BC /* UIViewControllerBase.swift in Sources */,
				CFC5C16F1EDE5D7800C060BC /* FoodViewCell.swift in Sources */,
				CFC5C1701EDE5D7800C060BC /* Constant.swift in Sources */,
				CF0F44821EE7CA0B0093FDAC /* APICredentialRequestEntity.swift in Sources */,
				CFC5C1711EDE5D7800C060BC /* FoodModel.swift in Sources */,
				CF0F44721EE7A8830093FDAC /* UIFlexibleFontSizeLable.swift in Sources */,
				CFC5C1731EDE5D7800C060BC /* UITableViewCellBase.swift in Sources */,
				CFC5C1741EDE5D7800C060BC /* SplashViewController.swift in Sources */,
				CF0F448D1EE7F50D0093FDAC /* APICheckVersionRequestEntity.swift in Sources */,
			);
			runOnlyForDeploymentPostprocessing = 0;
		};
/* End PBXSourcesBuildPhase section */

/* Begin PBXVariantGroup section */
		CF65B1971EDBC60C00CF0038 /* Main.storyboard */ = {
			isa = PBXVariantGroup;
			children = (
				CF65B1981EDBC60C00CF0038 /* Base */,
			);
			name = Main.storyboard;
			sourceTree = "<group>";
		};
		CF65B19C1EDBC60C00CF0038 /* LaunchScreen.storyboard */ = {
			isa = PBXVariantGroup;
			children = (
				CF65B19D1EDBC60C00CF0038 /* Base */,
			);
			name = LaunchScreen.storyboard;
			sourceTree = "<group>";
		};
		CF65B1AE1EDBE7C500CF0038 /* Localizable.strings */ = {
			isa = PBXVariantGroup;
			children = (
				CF65B1AD1EDBE7C500CF0038 /* Base */,
			);
			name = Localizable.strings;
			sourceTree = "<group>";
		};
/* End PBXVariantGroup section */

/* Begin XCBuildConfiguration section */
		CF65B1A01EDBC60C00CF0038 /* Debug */ = {
			isa = XCBuildConfiguration;
			buildSettings = {
				ALWAYS_SEARCH_USER_PATHS = NO;
				CLANG_ANALYZER_NONNULL = YES;
				CLANG_CXX_LANGUAGE_STANDARD = "gnu++0x";
				CLANG_CXX_LIBRARY = "libc++";
				CLANG_ENABLE_MODULES = YES;
				CLANG_ENABLE_OBJC_ARC = YES;
				CLANG_WARN_BOOL_CONVERSION = YES;
				CLANG_WARN_CONSTANT_CONVERSION = YES;
				CLANG_WARN_DIRECT_OBJC_ISA_USAGE = YES_ERROR;
				CLANG_WARN_DOCUMENTATION_COMMENTS = YES;
				CLANG_WARN_EMPTY_BODY = YES;
				CLANG_WARN_ENUM_CONVERSION = YES;
				CLANG_WARN_INFINITE_RECURSION = YES;
				CLANG_WARN_INT_CONVERSION = YES;
				CLANG_WARN_OBJC_ROOT_CLASS = YES_ERROR;
				CLANG_WARN_SUSPICIOUS_MOVE = YES;
				CLANG_WARN_UNREACHABLE_CODE = YES;
				CLANG_WARN__DUPLICATE_METHOD_MATCH = YES;
				"CODE_SIGN_IDENTITY[sdk=iphoneos*]" = "iPhone Developer";
				COPY_PHASE_STRIP = NO;
				DEBUG_INFORMATION_FORMAT = dwarf;
				ENABLE_STRICT_OBJC_MSGSEND = YES;
				ENABLE_TESTABILITY = YES;
				GCC_C_LANGUAGE_STANDARD = gnu99;
				GCC_DYNAMIC_NO_PIC = NO;
				GCC_NO_COMMON_BLOCKS = YES;
				GCC_OPTIMIZATION_LEVEL = 0;
				GCC_PREPROCESSOR_DEFINITIONS = (
					"DEBUG=1",
					"$(inherited)",
				);
				GCC_WARN_64_TO_32_BIT_CONVERSION = YES;
				GCC_WARN_ABOUT_RETURN_TYPE = YES_ERROR;
				GCC_WARN_UNDECLARED_SELECTOR = YES;
				GCC_WARN_UNINITIALIZED_AUTOS = YES_AGGRESSIVE;
				GCC_WARN_UNUSED_FUNCTION = YES;
				GCC_WARN_UNUSED_VARIABLE = YES;
				IPHONEOS_DEPLOYMENT_TARGET = 10.2;
				MTL_ENABLE_DEBUG_INFO = YES;
				ONLY_ACTIVE_ARCH = YES;
				SDKROOT = iphoneos;
				SWIFT_ACTIVE_COMPILATION_CONDITIONS = DEBUG;
				SWIFT_OPTIMIZATION_LEVEL = "-Onone";
			};
			name = Debug;
		};
		CF65B1A11EDBC60C00CF0038 /* Release */ = {
			isa = XCBuildConfiguration;
			buildSettings = {
				ALWAYS_SEARCH_USER_PATHS = NO;
				CLANG_ANALYZER_NONNULL = YES;
				CLANG_CXX_LANGUAGE_STANDARD = "gnu++0x";
				CLANG_CXX_LIBRARY = "libc++";
				CLANG_ENABLE_MODULES = YES;
				CLANG_ENABLE_OBJC_ARC = YES;
				CLANG_WARN_BOOL_CONVERSION = YES;
				CLANG_WARN_CONSTANT_CONVERSION = YES;
				CLANG_WARN_DIRECT_OBJC_ISA_USAGE = YES_ERROR;
				CLANG_WARN_DOCUMENTATION_COMMENTS = YES;
				CLANG_WARN_EMPTY_BODY = YES;
				CLANG_WARN_ENUM_CONVERSION = YES;
				CLANG_WARN_INFINITE_RECURSION = YES;
				CLANG_WARN_INT_CONVERSION = YES;
				CLANG_WARN_OBJC_ROOT_CLASS = YES_ERROR;
				CLANG_WARN_SUSPICIOUS_MOVE = YES;
				CLANG_WARN_UNREACHABLE_CODE = YES;
				CLANG_WARN__DUPLICATE_METHOD_MATCH = YES;
				"CODE_SIGN_IDENTITY[sdk=iphoneos*]" = "iPhone Developer";
				COPY_PHASE_STRIP = NO;
				DEBUG_INFORMATION_FORMAT = "dwarf-with-dsym";
				ENABLE_NS_ASSERTIONS = NO;
				ENABLE_STRICT_OBJC_MSGSEND = YES;
				GCC_C_LANGUAGE_STANDARD = gnu99;
				GCC_NO_COMMON_BLOCKS = YES;
				GCC_WARN_64_TO_32_BIT_CONVERSION = YES;
				GCC_WARN_ABOUT_RETURN_TYPE = YES_ERROR;
				GCC_WARN_UNDECLARED_SELECTOR = YES;
				GCC_WARN_UNINITIALIZED_AUTOS = YES_AGGRESSIVE;
				GCC_WARN_UNUSED_FUNCTION = YES;
				GCC_WARN_UNUSED_VARIABLE = YES;
				IPHONEOS_DEPLOYMENT_TARGET = 10.2;
				MTL_ENABLE_DEBUG_INFO = NO;
				SDKROOT = iphoneos;
				SWIFT_OPTIMIZATION_LEVEL = "-Owholemodule";
				VALIDATE_PRODUCT = YES;
			};
			name = Release;
		};
		CF65B1A31EDBC60C00CF0038 /* Debug */ = {
			isa = XCBuildConfiguration;
			baseConfigurationReference = 2674EFB8D3350395E87A73CE /* Pods-CookingManagerDev.debug.xcconfig */;
			buildSettings = {
				ASSETCATALOG_COMPILER_APPICON_NAME = AppIcon;
				CODE_SIGN_IDENTITY = "iPhone Developer: Tomoaki Satoyama (73Y62VN4T5)";
				DEVELOPMENT_TEAM = MG2552XA6Q;
				GCC_PREPROCESSOR_DEFINITIONS = (
					"$(inherited)",
					"COCOAPODS=1",
					SERVER_DEV,
				);
				INFOPLIST_FILE = CookingManager/Info.plist;
				IPHONEOS_DEPLOYMENT_TARGET = 8.0;
				LD_RUNPATH_SEARCH_PATHS = "$(inherited) @executable_path/Frameworks";
				PRODUCT_BUNDLE_IDENTIFIER = vfj.CookingManager;
				PRODUCT_NAME = "$(TARGET_NAME)";
				PROVISIONING_PROFILE = "50fa24e3-a751-4543-8ab3-e0469e6fbdff";
				PROVISIONING_PROFILE_SPECIFIER = "VFJ-AppWildCard-Development";
				SWIFT_OBJC_BRIDGING_HEADER = "$(SRCROOT)/CookingManager/CookingManager-Bridging-Header.h";
				SWIFT_VERSION = 3.0;
			};
			name = Debug;
		};
		CF65B1A41EDBC60C00CF0038 /* Release */ = {
			isa = XCBuildConfiguration;
			baseConfigurationReference = 44C4D267013A0A06FE651CA2 /* Pods-CookingManagerDev.release.xcconfig */;
			buildSettings = {
				ASSETCATALOG_COMPILER_APPICON_NAME = AppIcon;
				DEVELOPMENT_TEAM = "";
				GCC_PREPROCESSOR_DEFINITIONS = (
					"$(inherited)",
					"COCOAPODS=1",
					SERVER_DEV,
				);
				INFOPLIST_FILE = CookingManager/Info.plist;
				IPHONEOS_DEPLOYMENT_TARGET = 8.0;
				LD_RUNPATH_SEARCH_PATHS = "$(inherited) @executable_path/Frameworks";
				PRODUCT_BUNDLE_IDENTIFIER = vfj.CookingManager;
				PRODUCT_NAME = "$(TARGET_NAME)";
				SWIFT_OBJC_BRIDGING_HEADER = "$(SRCROOT)/CookingManager/CookingManager-Bridging-Header.h";
				SWIFT_VERSION = 3.0;
			};
			name = Release;
		};
		CFC5C13C1EDE5D4A00C060BC /* Debug */ = {
			isa = XCBuildConfiguration;
			baseConfigurationReference = E805D1DD2025072F3F4B6C82 /* Pods-CookingManagerStaging.debug.xcconfig */;
			buildSettings = {
				ASSETCATALOG_COMPILER_APPICON_NAME = AppIcon;
				CODE_SIGN_IDENTITY = "iPhone Developer: Tomoaki Satoyama (73Y62VN4T5)";
				DEVELOPMENT_TEAM = MG2552XA6Q;
				GCC_PREPROCESSOR_DEFINITIONS = (
					"$(inherited)",
					"COCOAPODS=1",
					SERVER_STAGING,
				);
				INFOPLIST_FILE = "CookingManager copy-Info.plist";
				IPHONEOS_DEPLOYMENT_TARGET = 8.0;
				LD_RUNPATH_SEARCH_PATHS = "$(inherited) @executable_path/Frameworks";
				PRODUCT_BUNDLE_IDENTIFIER = vfj.CookingManager;
				PRODUCT_NAME = "$(TARGET_NAME)";
				PROVISIONING_PROFILE = "50fa24e3-a751-4543-8ab3-e0469e6fbdff";
				PROVISIONING_PROFILE_SPECIFIER = "VFJ-AppWildCard-Development";
				SWIFT_OBJC_BRIDGING_HEADER = "$(SRCROOT)/CookingManager/CookingManager-Bridging-Header.h";
				SWIFT_VERSION = 3.0;
			};
			name = Debug;
		};
		CFC5C13D1EDE5D4A00C060BC /* Release */ = {
			isa = XCBuildConfiguration;
			baseConfigurationReference = 12BB66971BFFA04C6E40343D /* Pods-CookingManagerStaging.release.xcconfig */;
			buildSettings = {
				ASSETCATALOG_COMPILER_APPICON_NAME = AppIcon;
				DEVELOPMENT_TEAM = "";
				GCC_PREPROCESSOR_DEFINITIONS = (
					"$(inherited)",
					"COCOAPODS=1",
					SERVER_STAGING,
				);
				INFOPLIST_FILE = "CookingManager copy-Info.plist";
				IPHONEOS_DEPLOYMENT_TARGET = 8.0;
				LD_RUNPATH_SEARCH_PATHS = "$(inherited) @executable_path/Frameworks";
				PRODUCT_BUNDLE_IDENTIFIER = vfj.CookingManager;
				PRODUCT_NAME = "$(TARGET_NAME)";
				SWIFT_OBJC_BRIDGING_HEADER = "$(SRCROOT)/CookingManager/CookingManager-Bridging-Header.h";
				SWIFT_VERSION = 3.0;
			};
			name = Release;
		};
		CFC5C15F1EDE5D6900C060BC /* Debug */ = {
			isa = XCBuildConfiguration;
			baseConfigurationReference = EA05C3CF7E07B63F63B29166 /* Pods-CookingManagerReal.debug.xcconfig */;
			buildSettings = {
				ASSETCATALOG_COMPILER_APPICON_NAME = AppIcon;
				CODE_SIGN_IDENTITY = "iPhone Developer: Tomoaki Satoyama (73Y62VN4T5)";
				DEVELOPMENT_TEAM = MG2552XA6Q;
				GCC_PREPROCESSOR_DEFINITIONS = (
					"$(inherited)",
					"COCOAPODS=1",
					SERVER_REAL,
				);
				INFOPLIST_FILE = "CookingManagerDev copy-Info.plist";
				IPHONEOS_DEPLOYMENT_TARGET = 8.0;
				LD_RUNPATH_SEARCH_PATHS = "$(inherited) @executable_path/Frameworks";
				PRODUCT_BUNDLE_IDENTIFIER = vfj.CookingManager;
				PRODUCT_NAME = "$(TARGET_NAME)";
				PROVISIONING_PROFILE = "50fa24e3-a751-4543-8ab3-e0469e6fbdff";
				PROVISIONING_PROFILE_SPECIFIER = "VFJ-AppWildCard-Development";
				SWIFT_OBJC_BRIDGING_HEADER = "$(SRCROOT)/CookingManager/CookingManager-Bridging-Header.h";
				SWIFT_VERSION = 3.0;
			};
			name = Debug;
		};
		CFC5C1601EDE5D6900C060BC /* Release */ = {
			isa = XCBuildConfiguration;
			baseConfigurationReference = A878B72FF847C647E133D430 /* Pods-CookingManagerReal.release.xcconfig */;
			buildSettings = {
				ASSETCATALOG_COMPILER_APPICON_NAME = AppIcon;
				DEVELOPMENT_TEAM = "";
				GCC_PREPROCESSOR_DEFINITIONS = (
					"$(inherited)",
					"COCOAPODS=1",
					SERVER_REAL,
				);
				INFOPLIST_FILE = "CookingManagerDev copy-Info.plist";
				IPHONEOS_DEPLOYMENT_TARGET = 8.0;
				LD_RUNPATH_SEARCH_PATHS = "$(inherited) @executable_path/Frameworks";
				PRODUCT_BUNDLE_IDENTIFIER = vfj.CookingManager;
				PRODUCT_NAME = "$(TARGET_NAME)";
				SWIFT_OBJC_BRIDGING_HEADER = "$(SRCROOT)/CookingManager/CookingManager-Bridging-Header.h";
				SWIFT_VERSION = 3.0;
			};
			name = Release;
		};
		CFC5C1821EDE5D7800C060BC /* Debug */ = {
			isa = XCBuildConfiguration;
			baseConfigurationReference = 46A0B961F076F8B0B7C2B975 /* Pods-CookingManagerAppstore.debug.xcconfig */;
			buildSettings = {
				ASSETCATALOG_COMPILER_APPICON_NAME = AppIcon;
				CODE_SIGN_IDENTITY = "iPhone Developer: Tomoaki Satoyama (73Y62VN4T5)";
				DEVELOPMENT_TEAM = MG2552XA6Q;
				GCC_PREPROCESSOR_DEFINITIONS = (
					"$(inherited)",
					"COCOAPODS=1",
					SERVER_REAL,
				);
				INFOPLIST_FILE = "CookingManagerReal copy-Info.plist";
				IPHONEOS_DEPLOYMENT_TARGET = 8.0;
				LD_RUNPATH_SEARCH_PATHS = "$(inherited) @executable_path/Frameworks";
				PRODUCT_BUNDLE_IDENTIFIER = vfj.CookingManager;
				PRODUCT_NAME = "$(TARGET_NAME)";
				PROVISIONING_PROFILE = "50fa24e3-a751-4543-8ab3-e0469e6fbdff";
				PROVISIONING_PROFILE_SPECIFIER = "VFJ-AppWildCard-Development";
				SWIFT_OBJC_BRIDGING_HEADER = "$(SRCROOT)/CookingManager/CookingManager-Bridging-Header.h";
				SWIFT_VERSION = 3.0;
			};
			name = Debug;
		};
		CFC5C1831EDE5D7800C060BC /* Release */ = {
			isa = XCBuildConfiguration;
			baseConfigurationReference = D6F414FB3EFC1DD27D4F1FE5 /* Pods-CookingManagerAppstore.release.xcconfig */;
			buildSettings = {
				ASSETCATALOG_COMPILER_APPICON_NAME = AppIcon;
				DEVELOPMENT_TEAM = "";
				GCC_PREPROCESSOR_DEFINITIONS = (
					"$(inherited)",
					"COCOAPODS=1",
					SERVER_REAL,
				);
				INFOPLIST_FILE = "CookingManagerReal copy-Info.plist";
				IPHONEOS_DEPLOYMENT_TARGET = 8.0;
				LD_RUNPATH_SEARCH_PATHS = "$(inherited) @executable_path/Frameworks";
				PRODUCT_BUNDLE_IDENTIFIER = vfj.CookingManager;
				PRODUCT_NAME = "$(TARGET_NAME)";
				SWIFT_OBJC_BRIDGING_HEADER = "$(SRCROOT)/CookingManager/CookingManager-Bridging-Header.h";
				SWIFT_VERSION = 3.0;
			};
			name = Release;
		};
/* End XCBuildConfiguration section */

/* Begin XCConfigurationList section */
		CF65B18B1EDBC60B00CF0038 /* Build configuration list for PBXProject "CookingManager" */ = {
			isa = XCConfigurationList;
			buildConfigurations = (
				CF65B1A01EDBC60C00CF0038 /* Debug */,
				CF65B1A11EDBC60C00CF0038 /* Release */,
			);
			defaultConfigurationIsVisible = 0;
			defaultConfigurationName = Release;
		};
		CF65B1A21EDBC60C00CF0038 /* Build configuration list for PBXNativeTarget "CookingManagerDev" */ = {
			isa = XCConfigurationList;
			buildConfigurations = (
				CF65B1A31EDBC60C00CF0038 /* Debug */,
				CF65B1A41EDBC60C00CF0038 /* Release */,
			);
			defaultConfigurationIsVisible = 0;
			defaultConfigurationName = Release;
		};
		CFC5C13B1EDE5D4A00C060BC /* Build configuration list for PBXNativeTarget "CookingManagerStaging" */ = {
			isa = XCConfigurationList;
			buildConfigurations = (
				CFC5C13C1EDE5D4A00C060BC /* Debug */,
				CFC5C13D1EDE5D4A00C060BC /* Release */,
			);
			defaultConfigurationIsVisible = 0;
			defaultConfigurationName = Release;
		};
		CFC5C15E1EDE5D6900C060BC /* Build configuration list for PBXNativeTarget "CookingManagerReal" */ = {
			isa = XCConfigurationList;
			buildConfigurations = (
				CFC5C15F1EDE5D6900C060BC /* Debug */,
				CFC5C1601EDE5D6900C060BC /* Release */,
			);
			defaultConfigurationIsVisible = 0;
			defaultConfigurationName = Release;
		};
		CFC5C1811EDE5D7800C060BC /* Build configuration list for PBXNativeTarget "CookingManagerAppstore" */ = {
			isa = XCConfigurationList;
			buildConfigurations = (
				CFC5C1821EDE5D7800C060BC /* Debug */,
				CFC5C1831EDE5D7800C060BC /* Release */,
			);
			defaultConfigurationIsVisible = 0;
			defaultConfigurationName = Release;
		};
/* End XCConfigurationList section */
	};
	rootObject = CF65B1881EDBC60B00CF0038 /* Project object */;
}
